{
  "version": 4,
  "terraform_version": "1.0.3",
  "serial": 458,
  "lineage": "206bd608-24d9-3acb-f78c-b88f78bde7e6",
  "outputs": {
    "jenkins_ip": {
      "value": "34.136.217.177",
      "type": "string"
    },
    "load_balancer_ip": {
      "value": "34.136.120.11",
      "type": "string"
    },
    "network_name": {
      "value": "my-vpc-terraform-lab",
      "type": "string"
    },
    "subnet_name": {
      "value": "subnet1",
      "type": "string"
    }
  },
  "resources": [
    {
      "module": "module.bq[\"bq1\"]",
      "mode": "managed",
      "type": "google_bigquery_dataset",
      "name": "dataset",
      "provider": "provider[\"registry.terraform.io/hashicorp/google\"]",
      "instances": [
        {
          "schema_version": 0,
          "attributes": {
            "access": [
              {
                "domain": "",
                "group_by_email": "",
                "role": "OWNER",
                "special_group": "",
                "user_by_email": "terraform-local-account@numeric-virtue-320621.iam.gserviceaccount.com",
                "view": []
              },
              {
                "domain": "",
                "group_by_email": "",
                "role": "OWNER",
                "special_group": "projectOwners",
                "user_by_email": "",
                "view": []
              },
              {
                "domain": "",
                "group_by_email": "",
                "role": "READER",
                "special_group": "projectReaders",
                "user_by_email": "",
                "view": []
              },
              {
                "domain": "",
                "group_by_email": "",
                "role": "WRITER",
                "special_group": "projectWriters",
                "user_by_email": "",
                "view": []
              }
            ],
            "creation_time": 1627871866428,
            "dataset_id": "bq1",
            "default_encryption_configuration": [],
            "default_partition_expiration_ms": 0,
            "default_table_expiration_ms": 0,
            "delete_contents_on_destroy": false,
            "description": "",
            "etag": "GsihSDRyxHZg8W8RVuuosg==",
            "friendly_name": "bq1",
            "id": "projects/numeric-virtue-320621/datasets/bq1",
            "labels": null,
            "last_modified_time": 1627871866428,
            "location": "us-central1",
            "project": "numeric-virtue-320621",
            "self_link": "https://bigquery.googleapis.com/bigquery/v2/projects/numeric-virtue-320621/datasets/bq1",
            "timeouts": null
          },
          "sensitive_attributes": [],
          "private": "eyJlMmJmYjczMC1lY2FhLTExZTYtOGY4OC0zNDM2M2JjN2M0YzAiOnsiY3JlYXRlIjoyNDAwMDAwMDAwMDAsImRlbGV0ZSI6MjQwMDAwMDAwMDAwLCJ1cGRhdGUiOjI0MDAwMDAwMDAwMH19"
        }
      ]
    },
    {
      "module": "module.bq[\"bq2\"]",
      "mode": "managed",
      "type": "google_bigquery_dataset",
      "name": "dataset",
      "provider": "provider[\"registry.terraform.io/hashicorp/google\"]",
      "instances": [
        {
          "schema_version": 0,
          "attributes": {
            "access": [
              {
                "domain": "",
                "group_by_email": "",
                "role": "OWNER",
                "special_group": "",
                "user_by_email": "terraform-local-account@numeric-virtue-320621.iam.gserviceaccount.com",
                "view": []
              },
              {
                "domain": "",
                "group_by_email": "",
                "role": "OWNER",
                "special_group": "projectOwners",
                "user_by_email": "",
                "view": []
              },
              {
                "domain": "",
                "group_by_email": "",
                "role": "READER",
                "special_group": "projectReaders",
                "user_by_email": "",
                "view": []
              },
              {
                "domain": "",
                "group_by_email": "",
                "role": "WRITER",
                "special_group": "projectWriters",
                "user_by_email": "",
                "view": []
              }
            ],
            "creation_time": 1627871866919,
            "dataset_id": "bq2",
            "default_encryption_configuration": [],
            "default_partition_expiration_ms": 0,
            "default_table_expiration_ms": 0,
            "delete_contents_on_destroy": false,
            "description": "",
            "etag": "kE5UssD++sPP8V483/dZIg==",
            "friendly_name": "bq2",
            "id": "projects/numeric-virtue-320621/datasets/bq2",
            "labels": null,
            "last_modified_time": 1627871866919,
            "location": "us-central1",
            "project": "numeric-virtue-320621",
            "self_link": "https://bigquery.googleapis.com/bigquery/v2/projects/numeric-virtue-320621/datasets/bq2",
            "timeouts": null
          },
          "sensitive_attributes": [],
          "private": "eyJlMmJmYjczMC1lY2FhLTExZTYtOGY4OC0zNDM2M2JjN2M0YzAiOnsiY3JlYXRlIjoyNDAwMDAwMDAwMDAsImRlbGV0ZSI6MjQwMDAwMDAwMDAwLCJ1cGRhdGUiOjI0MDAwMDAwMDAwMH19"
        }
      ]
    },
    {
      "module": "module.bq[\"bq3\"]",
      "mode": "managed",
      "type": "google_bigquery_dataset",
      "name": "dataset",
      "provider": "provider[\"registry.terraform.io/hashicorp/google\"]",
      "instances": [
        {
          "schema_version": 0,
          "attributes": {
            "access": [
              {
                "domain": "",
                "group_by_email": "",
                "role": "OWNER",
                "special_group": "",
                "user_by_email": "terraform-local-account@numeric-virtue-320621.iam.gserviceaccount.com",
                "view": []
              },
              {
                "domain": "",
                "group_by_email": "",
                "role": "OWNER",
                "special_group": "projectOwners",
                "user_by_email": "",
                "view": []
              },
              {
                "domain": "",
                "group_by_email": "",
                "role": "READER",
                "special_group": "projectReaders",
                "user_by_email": "",
                "view": []
              },
              {
                "domain": "",
                "group_by_email": "",
                "role": "WRITER",
                "special_group": "projectWriters",
                "user_by_email": "",
                "view": []
              }
            ],
            "creation_time": 1627871866015,
            "dataset_id": "bq3",
            "default_encryption_configuration": [],
            "default_partition_expiration_ms": 0,
            "default_table_expiration_ms": 0,
            "delete_contents_on_destroy": false,
            "description": "",
            "etag": "MP8g5kHaSQF2ORkn1wcv8g==",
            "friendly_name": "bq3",
            "id": "projects/numeric-virtue-320621/datasets/bq3",
            "labels": null,
            "last_modified_time": 1627871866015,
            "location": "us-central1",
            "project": "numeric-virtue-320621",
            "self_link": "https://bigquery.googleapis.com/bigquery/v2/projects/numeric-virtue-320621/datasets/bq3",
            "timeouts": null
          },
          "sensitive_attributes": [],
          "private": "eyJlMmJmYjczMC1lY2FhLTExZTYtOGY4OC0zNDM2M2JjN2M0YzAiOnsiY3JlYXRlIjoyNDAwMDAwMDAwMDAsImRlbGV0ZSI6MjQwMDAwMDAwMDAwLCJ1cGRhdGUiOjI0MDAwMDAwMDAwMH19"
        }
      ]
    },
    {
      "module": "module.bucket1",
      "mode": "managed",
      "type": "google_storage_bucket",
      "name": "bucket",
      "provider": "provider[\"registry.terraform.io/hashicorp/google\"]",
      "instances": [
        {
          "schema_version": 0,
          "attributes": {
            "bucket_policy_only": true,
            "cors": [],
            "default_event_based_hold": false,
            "encryption": [],
            "force_destroy": true,
            "id": "numeric-virtue-320621-bucket1",
            "labels": {},
            "lifecycle_rule": [],
            "location": "US-CENTRAL1",
            "logging": [],
            "name": "numeric-virtue-320621-bucket1",
            "project": "numeric-virtue-320621",
            "requester_pays": false,
            "retention_policy": [],
            "self_link": "https://www.googleapis.com/storage/v1/b/numeric-virtue-320621-bucket1",
            "storage_class": "STANDARD",
            "uniform_bucket_level_access": true,
            "url": "gs://numeric-virtue-320621-bucket1",
            "versioning": [
              {
                "enabled": true
              }
            ],
            "website": []
          },
          "sensitive_attributes": [],
          "private": "bnVsbA=="
        }
      ]
    },
    {
      "module": "module.bucket2",
      "mode": "managed",
      "type": "google_storage_bucket",
      "name": "bucket",
      "provider": "provider[\"registry.terraform.io/hashicorp/google\"]",
      "instances": [
        {
          "schema_version": 0,
          "attributes": {
            "bucket_policy_only": true,
            "cors": [],
            "default_event_based_hold": false,
            "encryption": [],
            "force_destroy": true,
            "id": "numeric-virtue-320621-bucket2",
            "labels": {},
            "lifecycle_rule": [],
            "location": "US-CENTRAL1",
            "logging": [],
            "name": "numeric-virtue-320621-bucket2",
            "project": "numeric-virtue-320621",
            "requester_pays": false,
            "retention_policy": [],
            "self_link": "https://www.googleapis.com/storage/v1/b/numeric-virtue-320621-bucket2",
            "storage_class": "STANDARD",
            "uniform_bucket_level_access": true,
            "url": "gs://numeric-virtue-320621-bucket2",
            "versioning": [
              {
                "enabled": true
              }
            ],
            "website": []
          },
          "sensitive_attributes": [],
          "private": "bnVsbA=="
        }
      ]
    },
    {
      "module": "module.bucket3",
      "mode": "managed",
      "type": "google_storage_bucket",
      "name": "bucket",
      "provider": "provider[\"registry.terraform.io/hashicorp/google\"]",
      "instances": [
        {
          "schema_version": 0,
          "attributes": {
            "bucket_policy_only": true,
            "cors": [],
            "default_event_based_hold": false,
            "encryption": [],
            "force_destroy": true,
            "id": "numeric-virtue-320621-bucket3",
            "labels": {},
            "lifecycle_rule": [],
            "location": "US-CENTRAL1",
            "logging": [],
            "name": "numeric-virtue-320621-bucket3",
            "project": "numeric-virtue-320621",
            "requester_pays": false,
            "retention_policy": [],
            "self_link": "https://www.googleapis.com/storage/v1/b/numeric-virtue-320621-bucket3",
            "storage_class": "STANDARD",
            "uniform_bucket_level_access": true,
            "url": "gs://numeric-virtue-320621-bucket3",
            "versioning": [
              {
                "enabled": true
              }
            ],
            "website": []
          },
          "sensitive_attributes": [],
          "private": "bnVsbA=="
        }
      ]
    },
    {
      "module": "module.gks",
      "mode": "data",
      "type": "google_client_config",
      "name": "runner",
      "provider": "provider[\"registry.terraform.io/hashicorp/google\"]",
      "instances": [
        {
          "schema_version": 0,
          "attributes": {
            "access_token": "ya29.c.KqgBCghFi8c2Qp9fx_ZJURZ9sXXLEbPN-oUV-N5Sv0TLe8XZCXu4Yk7GDcvUmWjtAB2j6-R18rUZ2RkmDwTmt_L9rBdwgJ5R82ClVGwDLhyLyrpWw8SYrmY3rWDlPeQmBodHN02jBIgfKsPgbcM6DTb8IY6WK1hMxoGRlQ4tda8OgL2T496C4kukcKmtUbcb3TQ-z6OxpNo-uH8YkpmmFOrfttRJgSrrDW53",
            "id": "projects/numeric-virtue-320621/regions/us-central1/zones/",
            "project": "numeric-virtue-320621",
            "region": "us-central1",
            "zone": ""
          },
          "sensitive_attributes": []
        }
      ]
    },
    {
      "module": "module.gks",
      "mode": "managed",
      "type": "google_container_cluster",
      "name": "primary",
      "provider": "provider[\"registry.terraform.io/hashicorp/google\"]",
      "instances": [
        {
          "schema_version": 1,
          "attributes": {
            "addons_config": [
              {
                "cloudrun_config": [],
                "horizontal_pod_autoscaling": [],
                "http_load_balancing": [],
                "network_policy_config": [
                  {
                    "disabled": true
                  }
                ]
              }
            ],
            "authenticator_groups_config": [],
            "cluster_autoscaling": [
              {
                "auto_provisioning_defaults": [],
                "enabled": false,
                "resource_limits": []
              }
            ],
            "cluster_ipv4_cidr": "192.168.0.0/16",
            "database_encryption": [
              {
                "key_name": "",
                "state": "DECRYPTED"
              }
            ],
            "datapath_provider": "",
            "default_max_pods_per_node": 110,
            "default_snat_status": [
              {
                "disabled": false
              }
            ],
            "description": "",
            "enable_autopilot": false,
            "enable_binary_authorization": false,
            "enable_intranode_visibility": false,
            "enable_kubernetes_alpha": false,
            "enable_legacy_abac": false,
            "enable_shielded_nodes": false,
            "enable_tpu": false,
            "endpoint": "34.123.86.64",
            "id": "projects/numeric-virtue-320621/locations/us-central1-c/clusters/terraform-lab",
            "initial_node_count": 1,
            "instance_group_urls": [
              "https://www.googleapis.com/compute/v1/projects/numeric-virtue-320621/zones/us-central1-c/instanceGroups/gke-terraform-lab-pool1-df6fb2ba-grp",
              "https://www.googleapis.com/compute/v1/projects/numeric-virtue-320621/zones/us-central1-f/instanceGroups/gke-terraform-lab-pool1-a50913f8-grp"
            ],
            "ip_allocation_policy": [
              {
                "cluster_ipv4_cidr_block": "192.168.0.0/16",
                "cluster_secondary_range_name": "gke-terraform-lab-pods-7d632e09",
                "services_ipv4_cidr_block": "10.140.32.0/20",
                "services_secondary_range_name": "gke-terraform-lab-services-7d632e09"
              }
            ],
            "label_fingerprint": "a9dc16a7",
            "location": "us-central1-c",
            "logging_service": "logging.googleapis.com/kubernetes",
            "maintenance_policy": [],
            "master_auth": [
              {
                "client_certificate": "LS0tLS1CRUdJTiBDRVJUSUZJQ0FURS0tLS0tCk1JSURJRENDQWdpZ0F3SUJBZ0lRYXgrNHQ3aFhJem5IRWVjbmVCMVk2ekFOQmdrcWhraUc5dzBCQVFzRkFEQXYKTVMwd0t3WURWUVFERXlRek5XVXhOR1ZrTlMwek56ZzNMVFE0TnpVdFlUVXdNeTAwTlRVMU56VmpOakV6TjJFdwpIaGNOTWpFd056TXdNREV5TVRBMVdoY05Nall3TnpJNU1ERXlNVEExV2pBUk1ROHdEUVlEVlFRREV3WmpiR2xsCmJuUXdnZ0VpTUEwR0NTcUdTSWIzRFFFQkFRVUFBNElCRHdBd2dnRUtBb0lCQVFDVWsxSytOb3pvclc3ckNLUHMKck1uWEJTelM2L0gwUDJ4eHZTbTljVzFGVmpXOEZNeWljeWVWWnIxY0dZd3BHMjJ3MUpISllJbkUwYUt5bW9kNQpQc29Gdm81cW5pcjZzekhkYXBVVE4renBYMEJyMW9JMUQwUlRNWjF0NHM1Q1J5eFh6YWZYUk4xR3BJS3B0SzhTCkZLM1REY2JrMFUya1V0dEFrODZmeUZiRGhtZ3dCLzcwakZiMSs0K25GT0EvaWF3VmZ3ZGwyYkI3c2dPYlRXOVQKSEpuaXZsaVBHZm5EN3JuZ1p0VHFPaGNsdEltSVVIbXU5ZFFtNHpRdHJ6Q041dk9RRWFYdDF1R1U4SkJ6MHBMSAp4QVBBRTBqL2hLa3p0RFhvUThQSldGc1dFQWppb0hlSGZ0bzRJczdVNjlXYWhQSFJpVkpybnkrcFdSdHlXWFFmCmxMY25BZ01CQUFHalZqQlVNQTRHQTFVZER3RUIvd1FFQXdJRm9EQVRCZ05WSFNVRUREQUtCZ2dyQmdFRkJRY0QKQWpBTUJnTlZIUk1CQWY4RUFqQUFNQjhHQTFVZEl3UVlNQmFBRkcrSTJYVHRGU3JxWTQwYkRmNFVHZWJBRDAwTwpNQTBHQ1NxR1NJYjNEUUVCQ3dVQUE0SUJBUUJIVndZTGFBUUJoaEt3WmMzN1pUNzRweXBkSm40bUE4L0NDeXEvCm8vWStEQ01ZVDNrZG9rdC9RQlBSOFRuR2dJVmlDd1pyUFhnYTBPZ3FGS1Fwb0NyRm9FWDZITVlndjltVFV0RWsKbFJneWMwTXZEY3RnN05DeDBFVnp3UUIrRVVpdGFNNG92cVJRQXpmMVJhcldWNzB2d2FEVHNpSElOQUpVLyt6UQp6SWp4bnlkdUFiL1pUeVVGVkdLV3prVDhoYU1Oa2pRN0x1OG5ZM3Q4VUxqdmRWUmsxR0JvTjNtWm41UlhHakgyCmRPdXdaMXdVTVZDQStsamlMTjJGeU5MNVdING9FMjEvTWwzbHpzVUkyS2NJbFQrVXdEL0NRNkZNZTZEakVsSCsKOEJrUUJyeERkcnVsVnp5b3hrTGlVaDF0OHB1Q3MxalBlSW5oSWd4Mm96T1NvVHRQCi0tLS0tRU5EIENFUlRJRklDQVRFLS0tLS0K",
                "client_certificate_config": [
                  {
                    "issue_client_certificate": true
                  }
                ],
                "client_key": "LS0tLS1CRUdJTiBSU0EgUFJJVkFURSBLRVktLS0tLQpNSUlFb3dJQkFBS0NBUUVBbEpOU3ZqYU02SzF1NndpajdLekoxd1VzMHV2eDlEOXNjYjBwdlhGdFJWWTF2QlRNCm9uTW5sV2E5WEJtTUtSdHRzTlNSeVdDSnhOR2lzcHFIZVQ3S0JiNk9hcDRxK3JNeDNXcVZFemZzNlY5QWE5YUMKTlE5RVV6R2RiZUxPUWtjc1Y4Mm4xMFRkUnFTQ3FiU3ZFaFN0MHczRzVORk5wRkxiUUpQT244aFd3NFpvTUFmKwo5SXhXOWZ1UHB4VGdQNG1zRlg4SFpkbXdlN0lEbTAxdlV4eVo0cjVZanhuNXcrNjU0R2JVNmpvWEpiU0ppRkI1CnJ2WFVKdU0wTGE4d2plYnprQkdsN2RiaGxQQ1FjOUtTeDhRRHdCTkkvNFNwTTdRMTZFUER5VmhiRmhBSTRxQjMKaDM3YU9DTE8xT3ZWbW9UeDBZbFNhNTh2cVZrYmNsbDBINVMzSndJREFRQUJBb0lCQUFPaW5TWXBTSVpTNUFGZApLMEdac3JDUG9GcWl5ajg3SkFpZVk3eU9YMm1RWSswdnB4Z2NjQzRBSHdiM1d3NFFiVDBqM2xOS2lPUm5hcThyCkI4Q0lNRUkydU41VDgySkI2eWpyT0MySnMwSzhnV09DRXBxQXZwKzRlWTBjUFFhekhoc2gzWWJ2V09pbkVzbGIKTWVOajNTTHFWZUQ0WEFsMnU0V1hlRGxCbWhuYmtQYXViUjdPdVVKY0xqWmh5elE0MWlKN1hsTS9jTzhLNEE5RwpCTHVoUG85M2lCUjJVMTlXdk5CckhSR1ZPME5ETzQzSExuM2JhTkNGY2ozTlRLeW4vazhRUWptUHlWVmlYRGJJCk0wMFNNaG5xODZMdlkxb1ZIcE1GNTlFSjIrSkovT3FVZlhuaTc1QitWVmlXYVd4ODg0NUtYRm1ndGhNM29RVTkKNFNJQWp4MENnWUVBenNnaUQ1ZmZETEwrZS9nZDI2aUZBTFRBNzZubW8wN2ZlS0EzdEVMYjkzU3VHWFREdHhlagp0b2crdFZwUmEwR0N5RHJObjVoT1ovbXUyaWV2S1VIbTY3bmJPbERTOEFhVXhabHluUWFjdkE3VklBOTdNaU8yClJyeEdaZTljd1A4U2wvL3Z3RGhGVkRWQUJBc1ZXbVh4UEtHeDFxT2tGNTlyd1VObllPSnlHeXNDZ1lFQXQvQi8KT3owWFNad1ZWUXpySERjNHFKenVMYXJuY3FMQlNNZ2swUkpVNFRnQnltWXZwcjl1L1dtUitVdGU2dC9pY0I1ZwpaM1A4VkZIaDdnOVZTU2p1RTFLUjJxM2JWRVhZbjZVUXJodVltc1cvM2hSYWhaaHJCOUNzTmJWUW9ObnhySUVVCksyVXcxSkliNUpXcnNXdzhOazVFdmZWUDFnamJXb1g0cEErYXBmVUNnWUVBaFNiNFQrUXl2QUd5djI5SkFyNGsKVHcwVncvNDZ4dVF1SUlYQytPK29wMUxhSFFoRVV1MEUvYkFEK1ZHY1poMThNcVV5N1Zicy9pVVlnOS9UK2hRMgp0NG9wY2diRG5jNFBGS0szM0FkNis5bnRRVVRXeHJXYVZUZzllTHhHbFB4ckk3ZXAwYlFxYUl3Vm1jVHRUaFdnCjNyTWNTaU43c2I1MWE3Q1VyQjJFN3BzQ2dZQkpuOEhOZkU1dDhFTzVuMG9jS1I1TW4wUFdrNm5BZ05UTXhRKzMKZjVicDd2a0lnbzVnT0ErODd4eTJwQ3lCNXN0RUJXU2hCQlBqekVLYWZ4aXNCKzREWGZGempsTlVFQUQ5Slp6ZgprN3dwZHkydFBvaGRJUHoyUzlnaVIwaldtV1hhbm0vc1RyeVUyVWJBNEFleEpKbVZRdzdRMmZmeXUralErdjdpCjdEd0NZUUtCZ0FOK2ludm9ManR5Um1qYmptc0NFaEF1U3kxc0lIREt3YzlEL3NjMEdFZmRTekhyTmRHZ2I3djcKdytYUVFiRk85N1FESUR3c1o1VzBXUE9IWG0zWGw2RE5Yb3VMbnpobldRUnFZVzVCZlV3Z2VkVU9yRkpkUG02egp3NjZuTHdndkJ6R0VQTmtpZEgyMmVBc1pSbWdxM3Jrd2RjaHo0a1hUdWppbFR6ZkRQZzhZCi0tLS0tRU5EIFJTQSBQUklWQVRFIEtFWS0tLS0tCg==",
                "cluster_ca_certificate": "LS0tLS1CRUdJTiBDRVJUSUZJQ0FURS0tLS0tCk1JSURLekNDQWhPZ0F3SUJBZ0lSQVBLU1V1TmNNZy9Pb25iYVRwSGlCYUF3RFFZSktvWklodmNOQVFFTEJRQXcKTHpFdE1Dc0dBMVVFQXhNa016VmxNVFJsWkRVdE16YzROeTAwT0RjMUxXRTFNRE10TkRVMU5UYzFZell4TXpkaApNQjRYRFRJeE1EY3pNREF3TWpFd05Wb1hEVEkyTURjeU9UQXhNakV3TlZvd0x6RXRNQ3NHQTFVRUF4TWtNelZsCk1UUmxaRFV0TXpjNE55MDBPRGMxTFdFMU1ETXRORFUxTlRjMVl6WXhNemRoTUlJQklqQU5CZ2txaGtpRzl3MEIKQVFFRkFBT0NBUThBTUlJQkNnS0NBUUVBMnpaK01qdzN5WWVZWEJlaTlwZG1uN2I2eFZ3dW4wSmRDaGN0aVRnSwo5dmN3bmFBRXBtOFlTUUp3N21Xc3pYa0h2bCs1dmlJYkJyTHcxM1V1a2RWZWpDK3FGT2U5empHTnR2MFJpTkFyCmdTSFhHOVFsb2FvTTFLRFhVeXNMaXdQcmFWSWdwZjQ1OUNZT0ZWUEl6Y1dqMjRuaURIalBDSDNmR2dnclRJaWoKMml2NVBpano3V0xzN1J6Vnd5RE95SEhKRVJRYWVZZTduU3V4czl6cEhuVUtZRVJ2L1pmVmdHVnArbVYzMGVTeApEcy8rckRHUVh5TXZhcG03RzJ2WTd5czVPMm0wcGJIZ1BVMjRhZnBQMG1FaFNuWG1pbnY4eTNvbisyTnZXbGpJCkFuWXZJK2tUTUxTNFh6di9KeGZzb3U3ZDR1RFNpRHRtZzBlVm1uaWxGOUxjQ3dJREFRQUJvMEl3UURBT0JnTlYKSFE4QkFmOEVCQU1DQWdRd0R3WURWUjBUQVFIL0JBVXdBd0VCL3pBZEJnTlZIUTRFRmdRVWI0alpkTzBWS3VwagpqUnNOL2hRWjVzQVBUUTR3RFFZSktvWklodmNOQVFFTEJRQURnZ0VCQUZSeEVRKzU3NVR1cmFEUTJnMjFWNUNVClV4cXZ0RU1LL2ZwbG5oaERML0JXWE1GTUFMdGFLOTlzT0J6S1dOVmZlUUdmZTA4bDNjNDhEOGNqUTlWclBXNDAKOHZmaVhkb3VyN3o0dkhDUjQxcEw2VFFGbjM2bmFpKy9NcEhKYjVzZHUrNWxSQnBxdkZTM1k0U2pLQnZKK3BQdQpPQUl0VWdabVNRS3V6Z2xHQkJNN1dwZ0FPdGl3WlVQcnM3UExway9VVTIwTVByV2YyWTZ2UDQrb3NNSURXVm13CmJLYmRTT0VjaG9mNVhtbTNWNUxJbW9CNzU4SmJzbmJzVkVrN3hzMVYzbFJnZGlwRUh5dWxrNjBHOHpzZFY1UU0KaG1kUnFoWDR0cTQ4dEhLMU9sTU85cVNzSU1US2FTMk9qeGNic1dyZnc5andVMGhXNEpnZzUrZlJQcEdzVzJ3PQotLS0tLUVORCBDRVJUSUZJQ0FURS0tLS0tCg==",
                "password": "",
                "username": ""
              }
            ],
            "master_authorized_networks_config": [],
            "master_version": "1.20.8-gke.900",
            "min_master_version": null,
            "monitoring_service": "monitoring.googleapis.com/kubernetes",
            "name": "terraform-lab",
            "network": "projects/numeric-virtue-320621/global/networks/my-vpc-terraform-lab",
            "network_policy": [
              {
                "enabled": false,
                "provider": "PROVIDER_UNSPECIFIED"
              }
            ],
            "networking_mode": "VPC_NATIVE",
            "node_config": [
              {
                "disk_size_gb": 100,
                "disk_type": "pd-standard",
                "guest_accelerator": [],
                "image_type": "COS_CONTAINERD",
                "labels": {},
                "local_ssd_count": 0,
                "machine_type": "e2-standard-2",
                "metadata": {
                  "disable-legacy-endpoints": "true"
                },
                "min_cpu_platform": "",
                "oauth_scopes": [
                  "https://www.googleapis.com/auth/cloud-platform"
                ],
                "preemptible": false,
                "service_account": "container-registry-for-gks@numeric-virtue-320621.iam.gserviceaccount.com",
                "shielded_instance_config": [
                  {
                    "enable_integrity_monitoring": true,
                    "enable_secure_boot": false
                  }
                ],
                "tags": [],
                "taint": [],
                "workload_metadata_config": []
              }
            ],
            "node_locations": [
              "us-central1-f"
            ],
            "node_pool": [
              {
                "autoscaling": [],
                "initial_node_count": 1,
                "instance_group_urls": [
                  "https://www.googleapis.com/compute/v1/projects/numeric-virtue-320621/zones/us-central1-c/instanceGroupManagers/gke-terraform-lab-pool1-df6fb2ba-grp",
                  "https://www.googleapis.com/compute/v1/projects/numeric-virtue-320621/zones/us-central1-f/instanceGroupManagers/gke-terraform-lab-pool1-a50913f8-grp"
                ],
                "management": [
                  {
                    "auto_repair": true,
                    "auto_upgrade": true
                  }
                ],
                "max_pods_per_node": 110,
                "name": "pool1",
                "name_prefix": "",
                "node_config": [
                  {
                    "disk_size_gb": 100,
                    "disk_type": "pd-standard",
                    "guest_accelerator": [],
                    "image_type": "COS_CONTAINERD",
                    "labels": {},
                    "local_ssd_count": 0,
                    "machine_type": "e2-standard-2",
                    "metadata": {
                      "disable-legacy-endpoints": "true"
                    },
                    "min_cpu_platform": "",
                    "oauth_scopes": [
                      "https://www.googleapis.com/auth/cloud-platform"
                    ],
                    "preemptible": false,
                    "service_account": "container-registry-for-gks@numeric-virtue-320621.iam.gserviceaccount.com",
                    "shielded_instance_config": [
                      {
                        "enable_integrity_monitoring": true,
                        "enable_secure_boot": false
                      }
                    ],
                    "tags": [],
                    "taint": [],
                    "workload_metadata_config": []
                  }
                ],
                "node_count": 1,
                "node_locations": [
                  "us-central1-c",
                  "us-central1-f"
                ],
                "upgrade_settings": [
                  {
                    "max_surge": 1,
                    "max_unavailable": 0
                  }
                ],
                "version": "1.20.8-gke.900"
              }
            ],
            "node_version": "1.20.8-gke.900",
            "operation": null,
            "pod_security_policy_config": [],
            "private_cluster_config": [
              {
                "enable_private_endpoint": false,
                "enable_private_nodes": true,
                "master_global_access_config": [
                  {
                    "enabled": true
                  }
                ],
                "master_ipv4_cidr_block": "10.0.2.0/28",
                "peering_name": "gke-ndd2519c2224c541ec0a-1192-55e3-peer",
                "private_endpoint": "10.0.2.2",
                "public_endpoint": "34.123.86.64"
              }
            ],
            "private_ipv6_google_access": "",
            "project": "numeric-virtue-320621",
            "release_channel": [
              {
                "channel": "REGULAR"
              }
            ],
            "remove_default_node_pool": true,
            "resource_labels": {},
            "resource_usage_export_config": [],
            "self_link": "https://container.googleapis.com/v1beta1/projects/numeric-virtue-320621/zones/us-central1-c/clusters/terraform-lab",
            "services_ipv4_cidr": "10.140.32.0/20",
            "subnetwork": "projects/numeric-virtue-320621/regions/us-central1/subnetworks/subnet1",
            "timeouts": null,
            "tpu_ipv4_cidr_block": "",
            "vertical_pod_autoscaling": [],
            "workload_identity_config": []
          },
          "sensitive_attributes": [],
          "private": "eyJlMmJmYjczMC1lY2FhLTExZTYtOGY4OC0zNDM2M2JjN2M0YzAiOnsiY3JlYXRlIjoyNDAwMDAwMDAwMDAwLCJkZWxldGUiOjI0MDAwMDAwMDAwMDAsInJlYWQiOjI0MDAwMDAwMDAwMDAsInVwZGF0ZSI6MzYwMDAwMDAwMDAwMH0sInNjaGVtYV92ZXJzaW9uIjoiMSJ9",
          "dependencies": [
            "module.network.google_compute_network.network",
            "module.network.google_compute_subnetwork.subnet"
          ]
        }
      ]
    },
    {
      "module": "module.gks",
      "mode": "managed",
      "type": "google_container_node_pool",
      "name": "nodepool",
      "provider": "provider[\"registry.terraform.io/hashicorp/google\"]",
      "instances": [
        {
          "schema_version": 1,
          "attributes": {
            "autoscaling": [],
            "cluster": "projects/numeric-virtue-320621/locations/us-central1-c/clusters/terraform-lab",
            "id": "projects/numeric-virtue-320621/locations/us-central1-c/clusters/terraform-lab/nodePools/pool1",
            "initial_node_count": 1,
            "instance_group_urls": [
              "https://www.googleapis.com/compute/v1/projects/numeric-virtue-320621/zones/us-central1-c/instanceGroupManagers/gke-terraform-lab-pool1-4263dc1b-grp",
              "https://www.googleapis.com/compute/v1/projects/numeric-virtue-320621/zones/us-central1-f/instanceGroupManagers/gke-terraform-lab-pool1-767873f5-grp"
            ],
            "location": "us-central1-c",
            "management": [
              {
                "auto_repair": true,
                "auto_upgrade": true
              }
            ],
            "max_pods_per_node": 110,
            "name": "pool1",
            "name_prefix": "",
            "node_config": [
              {
                "disk_size_gb": 100,
                "disk_type": "pd-standard",
                "guest_accelerator": [],
                "image_type": "COS_CONTAINERD",
                "labels": {},
                "local_ssd_count": 0,
                "machine_type": "e2-standard-2",
                "metadata": {
                  "disable-legacy-endpoints": "true"
                },
                "min_cpu_platform": "",
                "oauth_scopes": [
                  "https://www.googleapis.com/auth/cloud-platform"
                ],
                "preemptible": false,
                "service_account": "container-registry-for-gks@numeric-virtue-320621.iam.gserviceaccount.com",
                "shielded_instance_config": [
                  {
                    "enable_integrity_monitoring": true,
                    "enable_secure_boot": false
                  }
                ],
                "tags": null,
                "taint": [],
                "workload_metadata_config": []
              }
            ],
            "node_count": 1,
            "node_locations": [
              "us-central1-c",
              "us-central1-f"
            ],
            "operation": null,
            "project": "numeric-virtue-320621",
            "timeouts": null,
            "upgrade_settings": [
              {
                "max_surge": 1,
                "max_unavailable": 0
              }
            ],
            "version": "1.20.8-gke.900"
          },
          "sensitive_attributes": [],
          "private": "eyJlMmJmYjczMC1lY2FhLTExZTYtOGY4OC0zNDM2M2JjN2M0YzAiOnsiY3JlYXRlIjoxODAwMDAwMDAwMDAwLCJkZWxldGUiOjE4MDAwMDAwMDAwMDAsInVwZGF0ZSI6MTgwMDAwMDAwMDAwMH0sInNjaGVtYV92ZXJzaW9uIjoiMSJ9",
          "dependencies": [
            "module.gks.google_container_cluster.primary",
            "module.gks.google_service_account.con-reg"
          ]
        }
      ]
    },
    {
      "module": "module.gks",
      "mode": "managed",
      "type": "google_project_iam_binding",
      "name": "storage-object-viewer",
      "provider": "provider[\"registry.terraform.io/hashicorp/google\"]",
      "instances": [
        {
          "schema_version": 0,
          "attributes": {
            "condition": [],
            "etag": "BwXIinSGbzk=",
            "id": "numeric-virtue-320621/roles/storage.objectViewer",
            "members": [
              "serviceAccount:container-registry-for-gks@numeric-virtue-320621.iam.gserviceaccount.com"
            ],
            "project": "numeric-virtue-320621",
            "role": "roles/storage.objectViewer"
          },
          "sensitive_attributes": [],
          "private": "bnVsbA==",
          "dependencies": [
            "module.gks.google_service_account.con-reg"
          ]
        }
      ]
    },
    {
      "module": "module.gks",
      "mode": "managed",
      "type": "google_service_account",
      "name": "con-reg",
      "provider": "provider[\"registry.terraform.io/hashicorp/google\"]",
      "instances": [
        {
          "schema_version": 0,
          "attributes": {
            "account_id": "container-registry-for-gks",
            "description": "",
            "display_name": "container-registry-gks",
            "email": "container-registry-for-gks@numeric-virtue-320621.iam.gserviceaccount.com",
            "id": "projects/numeric-virtue-320621/serviceAccounts/container-registry-for-gks@numeric-virtue-320621.iam.gserviceaccount.com",
            "name": "projects/numeric-virtue-320621/serviceAccounts/container-registry-for-gks@numeric-virtue-320621.iam.gserviceaccount.com",
            "project": "numeric-virtue-320621",
            "timeouts": null,
            "unique_id": "100843498327581915229"
          },
          "sensitive_attributes": [],
          "private": "eyJlMmJmYjczMC1lY2FhLTExZTYtOGY4OC0zNDM2M2JjN2M0YzAiOnsiY3JlYXRlIjozMDAwMDAwMDAwMDB9fQ=="
        }
      ]
    },
    {
      "module": "module.gks",
      "mode": "managed",
      "type": "kubernetes_namespace",
      "name": "dev",
      "provider": "module.gks.provider[\"registry.terraform.io/hashicorp/kubernetes\"]",
      "instances": [
        {
          "schema_version": 0,
          "attributes": {
            "id": "dev",
            "metadata": [
              {
                "annotations": {
                  "name": "dev"
                },
                "generate_name": "",
                "generation": 0,
                "labels": {},
                "name": "dev",
                "resource_version": "27919",
                "uid": "9c6f97b8-efe0-4484-9d36-7498c8de1008"
              }
            ],
            "timeouts": null
          },
          "sensitive_attributes": [],
          "private": "eyJlMmJmYjczMC1lY2FhLTExZTYtOGY4OC0zNDM2M2JjN2M0YzAiOnsiZGVsZXRlIjozMDAwMDAwMDAwMDB9fQ==",
          "dependencies": [
            "module.network.google_compute_network.network",
            "module.network.google_compute_subnetwork.subnet",
            "module.gks.data.google_client_config.runner",
            "module.gks.google_container_cluster.primary"
          ]
        }
      ]
    },
    {
      "module": "module.gks",
      "mode": "managed",
      "type": "kubernetes_namespace",
      "name": "sv",
      "provider": "module.gks.provider[\"registry.terraform.io/hashicorp/kubernetes\"]",
      "instances": [
        {
          "schema_version": 0,
          "attributes": {
            "id": "shared-services",
            "metadata": [
              {
                "annotations": {
                  "name": "shared-services"
                },
                "generate_name": "",
                "generation": 0,
                "labels": {},
                "name": "shared-services",
                "resource_version": "27918",
                "uid": "5dd7e62b-278c-4482-b743-a26a2801fbf0"
              }
            ],
            "timeouts": null
          },
          "sensitive_attributes": [],
          "private": "eyJlMmJmYjczMC1lY2FhLTExZTYtOGY4OC0zNDM2M2JjN2M0YzAiOnsiZGVsZXRlIjozMDAwMDAwMDAwMDB9fQ==",
          "dependencies": [
            "module.gks.data.google_client_config.runner",
            "module.gks.google_container_cluster.primary",
            "module.network.google_compute_network.network",
            "module.network.google_compute_subnetwork.subnet"
          ]
        }
      ]
    },
    {
      "module": "module.gks",
      "mode": "managed",
      "type": "kubernetes_pod",
      "name": "jenkins",
      "provider": "module.gks.provider[\"registry.terraform.io/hashicorp/kubernetes\"]",
      "instances": [
        {
          "schema_version": 1,
          "attributes": {
            "id": "shared-services/jenkins",
            "metadata": [
              {
                "annotations": null,
                "generate_name": "",
                "generation": 0,
                "labels": {
                  "app": "jenkins"
                },
                "name": "jenkins",
                "namespace": "shared-services",
                "resource_version": "1298857",
                "uid": "3cb4c2ca-1cbd-4cc4-aaee-a82c93a5d68b"
              }
            ],
            "spec": [
              {
                "active_deadline_seconds": 0,
                "affinity": [],
                "automount_service_account_token": true,
                "container": [
                  {
                    "args": null,
                    "command": null,
                    "env": [],
                    "env_from": [],
                    "image": "gcr.io/numeric-virtue-320621/jenkins",
                    "image_pull_policy": "Always",
                    "lifecycle": [],
                    "liveness_probe": [],
                    "name": "jenkins",
                    "port": [
                      {
                        "container_port": 8080,
                        "host_ip": "",
                        "host_port": 0,
                        "name": "",
                        "protocol": "TCP"
                      }
                    ],
                    "readiness_probe": [],
                    "resources": [
                      {
                        "limits": null,
                        "requests": null
                      }
                    ],
                    "security_context": [],
                    "startup_probe": [],
                    "stdin": false,
                    "stdin_once": false,
                    "termination_message_path": "/dev/termination-log",
                    "termination_message_policy": "File",
                    "tty": false,
                    "volume_mount": [],
                    "working_dir": ""
                  }
                ],
                "dns_config": [],
                "dns_policy": "ClusterFirst",
                "enable_service_links": true,
                "host_aliases": [],
                "host_ipc": false,
                "host_network": false,
                "host_pid": false,
                "hostname": "",
                "image_pull_secrets": [],
                "init_container": [],
                "node_name": "gke-terraform-lab-pool1-767873f5-jsgr",
                "node_selector": null,
                "priority_class_name": "",
                "readiness_gate": [],
                "restart_policy": "Always",
                "security_context": [],
                "service_account_name": "default",
                "share_process_namespace": false,
                "subdomain": "",
                "termination_grace_period_seconds": 30,
                "toleration": [],
                "topology_spread_constraint": [],
                "volume": []
              }
            ],
            "timeouts": null
          },
          "sensitive_attributes": [],
          "private": "eyJlMmJmYjczMC1lY2FhLTExZTYtOGY4OC0zNDM2M2JjN2M0YzAiOnsiY3JlYXRlIjozMDAwMDAwMDAwMDAsImRlbGV0ZSI6MzAwMDAwMDAwMDAwfSwic2NoZW1hX3ZlcnNpb24iOiIxIn0=",
          "dependencies": [
            "module.gks.data.google_client_config.runner",
            "module.gks.google_container_cluster.primary",
            "module.gks.google_container_node_pool.nodepool",
            "module.gks.google_service_account.con-reg",
            "module.gks.kubernetes_namespace.sv"
          ]
        }
      ]
    },
    {
      "module": "module.gks",
      "mode": "managed",
      "type": "kubernetes_pod",
      "name": "nexus",
      "provider": "module.gks.provider[\"registry.terraform.io/hashicorp/kubernetes\"]",
      "instances": [
        {
          "schema_version": 1,
          "attributes": {
            "id": "shared-services/nexus",
            "metadata": [
              {
                "annotations": null,
                "generate_name": "",
                "generation": 0,
                "labels": {
                  "app": "nexus"
                },
                "name": "nexus",
                "namespace": "shared-services",
                "resource_version": "1299003",
                "uid": "81bd3da2-3437-4527-948c-057c8a7317cf"
              }
            ],
            "spec": [
              {
                "active_deadline_seconds": 0,
                "affinity": [],
                "automount_service_account_token": true,
                "container": [
                  {
                    "args": null,
                    "command": null,
                    "env": [],
                    "env_from": [],
                    "image": "gcr.io/numeric-virtue-320621/nexus3",
                    "image_pull_policy": "Always",
                    "lifecycle": [],
                    "liveness_probe": [],
                    "name": "nexus",
                    "port": [
                      {
                        "container_port": 80,
                        "host_ip": "",
                        "host_port": 0,
                        "name": "",
                        "protocol": "TCP"
                      }
                    ],
                    "readiness_probe": [],
                    "resources": [
                      {
                        "limits": null,
                        "requests": null
                      }
                    ],
                    "security_context": [],
                    "startup_probe": [],
                    "stdin": false,
                    "stdin_once": false,
                    "termination_message_path": "/dev/termination-log",
                    "termination_message_policy": "File",
                    "tty": false,
                    "volume_mount": [],
                    "working_dir": ""
                  }
                ],
                "dns_config": [],
                "dns_policy": "ClusterFirst",
                "enable_service_links": true,
                "host_aliases": [],
                "host_ipc": false,
                "host_network": false,
                "host_pid": false,
                "hostname": "",
                "image_pull_secrets": [],
                "init_container": [],
                "node_name": "gke-terraform-lab-pool1-767873f5-jsgr",
                "node_selector": null,
                "priority_class_name": "",
                "readiness_gate": [],
                "restart_policy": "Always",
                "security_context": [],
                "service_account_name": "default",
                "share_process_namespace": false,
                "subdomain": "",
                "termination_grace_period_seconds": 30,
                "toleration": [],
                "topology_spread_constraint": [],
                "volume": []
              }
            ],
            "timeouts": null
          },
          "sensitive_attributes": [],
          "private": "eyJlMmJmYjczMC1lY2FhLTExZTYtOGY4OC0zNDM2M2JjN2M0YzAiOnsiY3JlYXRlIjozMDAwMDAwMDAwMDAsImRlbGV0ZSI6MzAwMDAwMDAwMDAwfSwic2NoZW1hX3ZlcnNpb24iOiIxIn0=",
          "dependencies": [
            "module.gks.data.google_client_config.runner",
            "module.gks.google_container_cluster.primary",
            "module.gks.google_container_node_pool.nodepool",
            "module.gks.google_service_account.con-reg",
            "module.gks.kubernetes_namespace.sv"
          ]
        }
      ]
    },
    {
      "module": "module.gks",
      "mode": "managed",
      "type": "kubernetes_pod",
      "name": "web-app",
      "provider": "module.gks.provider[\"registry.terraform.io/hashicorp/kubernetes\"]",
      "instances": [
        {
          "schema_version": 1,
          "attributes": {
            "id": "dev/web-app",
            "metadata": [
              {
                "annotations": null,
                "generate_name": "",
                "generation": 0,
                "labels": {
                  "app": "web-app"
                },
                "name": "web-app",
                "namespace": "dev",
                "resource_version": "1299222",
                "uid": "48416309-3087-4b1d-a79b-5a5e35b5adcf"
              }
            ],
            "spec": [
              {
                "active_deadline_seconds": 0,
                "affinity": [],
                "automount_service_account_token": true,
                "container": [
                  {
                    "args": null,
                    "command": null,
                    "env": [],
                    "env_from": [],
                    "image": "gcr.io/numeric-virtue-320621/web-app",
                    "image_pull_policy": "Always",
                    "lifecycle": [],
                    "liveness_probe": [],
                    "name": "web-app",
                    "port": [
                      {
                        "container_port": 80,
                        "host_ip": "",
                        "host_port": 0,
                        "name": "",
                        "protocol": "TCP"
                      }
                    ],
                    "readiness_probe": [],
                    "resources": [
                      {
                        "limits": null,
                        "requests": null
                      }
                    ],
                    "security_context": [],
                    "startup_probe": [],
                    "stdin": false,
                    "stdin_once": false,
                    "termination_message_path": "/dev/termination-log",
                    "termination_message_policy": "File",
                    "tty": false,
                    "volume_mount": [],
                    "working_dir": ""
                  }
                ],
                "dns_config": [],
                "dns_policy": "ClusterFirst",
                "enable_service_links": true,
                "host_aliases": [],
                "host_ipc": false,
                "host_network": false,
                "host_pid": false,
                "hostname": "",
                "image_pull_secrets": [],
                "init_container": [],
                "node_name": "gke-terraform-lab-pool1-767873f5-jsgr",
                "node_selector": null,
                "priority_class_name": "",
                "readiness_gate": [],
                "restart_policy": "Always",
                "security_context": [],
                "service_account_name": "default",
                "share_process_namespace": false,
                "subdomain": "",
                "termination_grace_period_seconds": 30,
                "toleration": [],
                "topology_spread_constraint": [],
                "volume": []
              }
            ],
            "timeouts": null
          },
          "sensitive_attributes": [],
          "private": "eyJlMmJmYjczMC1lY2FhLTExZTYtOGY4OC0zNDM2M2JjN2M0YzAiOnsiY3JlYXRlIjozMDAwMDAwMDAwMDAsImRlbGV0ZSI6MzAwMDAwMDAwMDAwfSwic2NoZW1hX3ZlcnNpb24iOiIxIn0=",
          "dependencies": [
            "module.gks.data.google_client_config.runner",
            "module.gks.google_container_cluster.primary",
            "module.gks.google_container_node_pool.nodepool",
            "module.gks.google_service_account.con-reg",
            "module.gks.kubernetes_namespace.dev"
          ]
        }
      ]
    },
    {
      "module": "module.gks",
      "mode": "managed",
      "type": "kubernetes_service",
      "name": "jenkins-test",
      "provider": "module.gks.provider[\"registry.terraform.io/hashicorp/kubernetes\"]",
      "instances": [
        {
          "schema_version": 1,
          "attributes": {
            "id": "shared-services/web-service",
            "metadata": [
              {
                "annotations": {
                  "cloud.google.com/neg": "{\"ingress\":true}"
                },
                "generate_name": "",
                "generation": 0,
                "labels": null,
                "name": "web-service",
                "namespace": "shared-services",
                "resource_version": "1299127",
                "uid": "20ba519a-cc83-4375-a1e3-51dd57f35037"
              }
            ],
            "spec": [
              {
                "cluster_ip": "10.140.40.141",
                "external_ips": null,
                "external_name": "",
                "external_traffic_policy": "Cluster",
                "health_check_node_port": 0,
                "load_balancer_ip": "",
                "load_balancer_source_ranges": null,
                "port": [
                  {
                    "name": "",
                    "node_port": 31585,
                    "port": 8080,
                    "protocol": "TCP",
                    "target_port": "8080"
                  }
                ],
                "publish_not_ready_addresses": false,
                "selector": {
                  "app": "jenkins"
                },
                "session_affinity": "None",
                "type": "LoadBalancer"
              }
            ],
            "status": [
              {
                "load_balancer": [
                  {
                    "ingress": [
                      {
                        "hostname": "",
                        "ip": "34.136.217.177"
                      }
                    ]
                  }
                ]
              }
            ],
            "timeouts": null,
            "wait_for_load_balancer": true
          },
          "sensitive_attributes": [],
          "private": "eyJlMmJmYjczMC1lY2FhLTExZTYtOGY4OC0zNDM2M2JjN2M0YzAiOnsiY3JlYXRlIjo2MDAwMDAwMDAwMDB9LCJzY2hlbWFfdmVyc2lvbiI6IjEifQ==",
          "dependencies": [
            "module.gks.data.google_client_config.runner",
            "module.gks.google_container_cluster.primary",
            "module.gks.google_container_node_pool.nodepool",
            "module.gks.google_service_account.con-reg",
            "module.gks.kubernetes_namespace.sv",
            "module.gks.kubernetes_pod.jenkins"
          ]
        }
      ]
    },
    {
      "module": "module.gks",
      "mode": "managed",
      "type": "kubernetes_service",
      "name": "web-service",
      "provider": "module.gks.provider[\"registry.terraform.io/hashicorp/kubernetes\"]",
      "instances": [
        {
          "schema_version": 1,
          "attributes": {
            "id": "dev/web-service",
            "metadata": [
              {
                "annotations": {},
                "generate_name": "",
                "generation": 0,
                "labels": {},
                "name": "web-service",
                "namespace": "dev",
                "resource_version": "1276710",
                "uid": "ba03c12d-1387-4099-831b-0002f4e2795f"
              }
            ],
            "spec": [
              {
                "cluster_ip": "10.140.34.232",
                "external_ips": [],
                "external_name": "",
                "external_traffic_policy": "Cluster",
                "health_check_node_port": 0,
                "load_balancer_ip": "",
                "load_balancer_source_ranges": [],
                "port": [
                  {
                    "name": "",
                    "node_port": 30146,
                    "port": 80,
                    "protocol": "TCP",
                    "target_port": "80"
                  }
                ],
                "publish_not_ready_addresses": false,
                "selector": {
                  "app": "web-app"
                },
                "session_affinity": "None",
                "type": "LoadBalancer"
              }
            ],
            "status": [
              {
                "load_balancer": [
                  {
                    "ingress": [
                      {
                        "hostname": "",
                        "ip": "34.136.120.11"
                      }
                    ]
                  }
                ]
              }
            ],
            "timeouts": null,
            "wait_for_load_balancer": true
          },
          "sensitive_attributes": [],
          "private": "eyJlMmJmYjczMC1lY2FhLTExZTYtOGY4OC0zNDM2M2JjN2M0YzAiOnsiY3JlYXRlIjo2MDAwMDAwMDAwMDB9LCJzY2hlbWFfdmVyc2lvbiI6IjEifQ==",
          "dependencies": [
            "module.gks.google_container_node_pool.nodepool",
            "module.gks.google_service_account.con-reg",
            "module.gks.kubernetes_namespace.dev",
            "module.gks.kubernetes_pod.web-app",
            "module.network.google_compute_network.network",
            "module.network.google_compute_subnetwork.subnet",
            "module.gks.data.google_client_config.runner",
            "module.gks.google_container_cluster.primary"
          ]
        }
      ]
    },
    {
      "module": "module.network",
      "mode": "managed",
      "type": "google_compute_firewall",
      "name": "firewall",
      "provider": "provider[\"registry.terraform.io/hashicorp/google\"]",
      "instances": [
        {
          "schema_version": 1,
          "attributes": {
            "allow": [
              {
                "ports": [
                  "22",
                  "80",
                  "8080",
                  "3389"
                ],
                "protocol": "tcp"
              }
            ],
            "creation_timestamp": "2021-07-28T13:43:14.855-07:00",
            "deny": [],
            "description": "",
            "destination_ranges": [],
            "direction": "INGRESS",
            "disabled": false,
            "enable_logging": null,
            "id": "projects/numeric-virtue-320621/global/firewalls/terrafrom-firewall",
            "log_config": [],
            "name": "terrafrom-firewall",
            "network": "https://www.googleapis.com/compute/v1/projects/numeric-virtue-320621/global/networks/my-vpc-terraform-lab",
            "priority": 1000,
            "project": "numeric-virtue-320621",
            "self_link": "https://www.googleapis.com/compute/v1/projects/numeric-virtue-320621/global/firewalls/terrafrom-firewall",
            "source_ranges": [
              "0.0.0.0/0",
              "35.235.240.0/20"
            ],
            "source_service_accounts": [],
            "source_tags": [],
            "target_service_accounts": [],
            "target_tags": [],
            "timeouts": null
          },
          "sensitive_attributes": [],
          "private": "eyJlMmJmYjczMC1lY2FhLTExZTYtOGY4OC0zNDM2M2JjN2M0YzAiOnsiY3JlYXRlIjoyNDAwMDAwMDAwMDAsImRlbGV0ZSI6MjQwMDAwMDAwMDAwLCJ1cGRhdGUiOjI0MDAwMDAwMDAwMH0sInNjaGVtYV92ZXJzaW9uIjoiMSJ9",
          "dependencies": [
            "module.network.google_compute_network.network"
          ]
        }
      ]
    },
    {
      "module": "module.network",
      "mode": "managed",
      "type": "google_compute_network",
      "name": "network",
      "provider": "provider[\"registry.terraform.io/hashicorp/google\"]",
      "instances": [
        {
          "schema_version": 0,
          "attributes": {
            "auto_create_subnetworks": false,
            "delete_default_routes_on_create": false,
            "description": "",
            "gateway_ipv4": "",
            "id": "projects/numeric-virtue-320621/global/networks/my-vpc-terraform-lab",
            "mtu": 0,
            "name": "my-vpc-terraform-lab",
            "project": "numeric-virtue-320621",
            "routing_mode": "REGIONAL",
            "self_link": "https://www.googleapis.com/compute/v1/projects/numeric-virtue-320621/global/networks/my-vpc-terraform-lab",
            "timeouts": null
          },
          "sensitive_attributes": [],
          "private": "eyJlMmJmYjczMC1lY2FhLTExZTYtOGY4OC0zNDM2M2JjN2M0YzAiOnsiY3JlYXRlIjoyNDAwMDAwMDAwMDAsImRlbGV0ZSI6MjQwMDAwMDAwMDAwLCJ1cGRhdGUiOjI0MDAwMDAwMDAwMH19"
        }
      ]
    },
    {
      "module": "module.network",
      "mode": "managed",
      "type": "google_compute_subnetwork",
      "name": "subnet",
      "provider": "provider[\"registry.terraform.io/hashicorp/google\"]",
      "instances": [
        {
          "schema_version": 0,
          "attributes": {
            "creation_timestamp": "2021-07-28T13:43:15.153-07:00",
            "description": "",
            "fingerprint": null,
            "gateway_address": "10.0.1.1",
            "id": "projects/numeric-virtue-320621/regions/us-central1/subnetworks/subnet1",
            "ip_cidr_range": "10.0.1.0/24",
            "log_config": [],
            "name": "subnet1",
            "network": "https://www.googleapis.com/compute/v1/projects/numeric-virtue-320621/global/networks/my-vpc-terraform-lab",
            "private_ip_google_access": true,
            "private_ipv6_google_access": "DISABLE_GOOGLE_ACCESS",
            "project": "numeric-virtue-320621",
            "region": "us-central1",
            "secondary_ip_range": [
              {
                "ip_cidr_range": "192.168.0.0/16",
                "range_name": "gke-terraform-lab-pods-7d632e09"
              },
              {
                "ip_cidr_range": "10.140.32.0/20",
                "range_name": "gke-terraform-lab-services-7d632e09"
              }
            ],
            "self_link": "https://www.googleapis.com/compute/v1/projects/numeric-virtue-320621/regions/us-central1/subnetworks/subnet1",
            "timeouts": null
          },
          "sensitive_attributes": [],
          "private": "eyJlMmJmYjczMC1lY2FhLTExZTYtOGY4OC0zNDM2M2JjN2M0YzAiOnsiY3JlYXRlIjozNjAwMDAwMDAwMDAsImRlbGV0ZSI6MzYwMDAwMDAwMDAwLCJ1cGRhdGUiOjM2MDAwMDAwMDAwMH19",
          "dependencies": [
            "module.network.google_compute_network.network"
          ]
        }
      ]
    },
    {
      "module": "module.vm",
      "mode": "managed",
      "type": "google_compute_instance",
      "name": "vm-test",
      "provider": "provider[\"registry.terraform.io/hashicorp/google\"]",
      "instances": [
        {
          "schema_version": 6,
          "attributes": {
            "advanced_machine_features": [],
            "allow_stopping_for_update": null,
            "attached_disk": [],
            "boot_disk": [
              {
                "auto_delete": true,
                "device_name": "persistent-disk-0",
                "disk_encryption_key_raw": "",
                "disk_encryption_key_sha256": "",
                "initialize_params": [
                  {
                    "image": "https://www.googleapis.com/compute/v1/projects/debian-cloud/global/images/debian-10-buster-v20210721",
                    "labels": {},
                    "size": 10,
                    "type": "pd-standard"
                  }
                ],
                "kms_key_self_link": "",
                "mode": "READ_WRITE",
                "source": "https://www.googleapis.com/compute/v1/projects/numeric-virtue-320621/zones/us-central1-c/disks/for-test"
              }
            ],
            "can_ip_forward": false,
            "confidential_instance_config": [],
            "cpu_platform": "Intel Haswell",
            "current_status": "RUNNING",
            "deletion_protection": false,
            "description": "",
            "desired_status": null,
            "enable_display": false,
            "guest_accelerator": [],
            "hostname": "",
            "id": "projects/numeric-virtue-320621/zones/us-central1-c/instances/for-test",
            "instance_id": "3603169155843025211",
            "label_fingerprint": "42WmSpB8rSM=",
            "labels": {},
            "machine_type": "e2-medium",
            "metadata": {},
            "metadata_fingerprint": "Ru3bHQdHzvc=",
            "metadata_startup_script": "",
            "min_cpu_platform": "",
            "name": "for-test",
            "network_interface": [
              {
                "access_config": [],
                "alias_ip_range": [],
                "name": "nic0",
                "network": "https://www.googleapis.com/compute/v1/projects/numeric-virtue-320621/global/networks/my-vpc-terraform-lab",
                "network_ip": "10.0.1.195",
                "nic_type": "",
                "subnetwork": "https://www.googleapis.com/compute/v1/projects/numeric-virtue-320621/regions/us-central1/subnetworks/subnet1",
                "subnetwork_project": "numeric-virtue-320621"
              }
            ],
            "project": "numeric-virtue-320621",
            "reservation_affinity": [],
            "resource_policies": [],
            "scheduling": [
              {
                "automatic_restart": true,
                "min_node_cpus": 0,
                "node_affinities": [],
                "on_host_maintenance": "MIGRATE",
                "preemptible": false
              }
            ],
            "scratch_disk": [],
            "self_link": "https://www.googleapis.com/compute/v1/projects/numeric-virtue-320621/zones/us-central1-c/instances/for-test",
            "service_account": [
              {
                "email": "bucket-reader@numeric-virtue-320621.iam.gserviceaccount.com",
                "scopes": [
                  "https://www.googleapis.com/auth/cloud-platform"
                ]
              }
            ],
            "shielded_instance_config": [
              {
                "enable_integrity_monitoring": true,
                "enable_secure_boot": false,
                "enable_vtpm": true
              }
            ],
            "tags": [],
            "tags_fingerprint": "42WmSpB8rSM=",
            "timeouts": null,
            "zone": "us-central1-c"
          },
          "sensitive_attributes": [],
          "private": "eyJlMmJmYjczMC1lY2FhLTExZTYtOGY4OC0zNDM2M2JjN2M0YzAiOnsiY3JlYXRlIjoxMjAwMDAwMDAwMDAwLCJkZWxldGUiOjEyMDAwMDAwMDAwMDAsInVwZGF0ZSI6MTIwMDAwMDAwMDAwMH0sInNjaGVtYV92ZXJzaW9uIjoiNiJ9",
          "dependencies": [
            "module.network.google_compute_network.network",
            "module.network.google_compute_subnetwork.subnet",
            "module.vm.google_service_account.vm-storage"
          ]
        }
      ]
    },
    {
      "module": "module.vm",
      "mode": "managed",
      "type": "google_project_iam_binding",
      "name": "bq-read-write",
      "provider": "provider[\"registry.terraform.io/hashicorp/google\"]",
      "instances": [
        {
          "schema_version": 0,
          "attributes": {
            "condition": [],
            "etag": "BwXIikwY1y0=",
            "id": "numeric-virtue-320621/roles/bigquery.dataEditor",
            "members": [
              "serviceAccount:bucket-reader@numeric-virtue-320621.iam.gserviceaccount.com"
            ],
            "project": "numeric-virtue-320621",
            "role": "roles/bigquery.dataEditor"
          },
          "sensitive_attributes": [],
          "private": "bnVsbA==",
          "dependencies": [
            "module.vm.google_service_account.vm-storage"
          ]
        }
      ]
    },
    {
      "module": "module.vm",
      "mode": "managed",
      "type": "google_project_iam_binding",
      "name": "bucket-object-viewer",
      "provider": "provider[\"registry.terraform.io/hashicorp/google\"]",
      "instances": [
        {
          "schema_version": 0,
          "attributes": {
            "condition": [],
            "etag": "BwXIikwY1y0=",
            "id": "numeric-virtue-320621/roles/storage.objectViewer",
            "members": [
              "serviceAccount:bucket-reader@numeric-virtue-320621.iam.gserviceaccount.com"
            ],
            "project": "numeric-virtue-320621",
            "role": "roles/storage.objectViewer"
          },
          "sensitive_attributes": [],
          "private": "bnVsbA==",
          "dependencies": [
            "module.vm.google_service_account.vm-storage"
          ]
        }
      ]
    },
    {
      "module": "module.vm",
      "mode": "managed",
      "type": "google_service_account",
      "name": "vm-storage",
      "provider": "provider[\"registry.terraform.io/hashicorp/google\"]",
      "instances": [
        {
          "schema_version": 0,
          "attributes": {
            "account_id": "bucket-reader",
            "description": "",
            "display_name": "bucket-reader-for-vm",
            "email": "bucket-reader@numeric-virtue-320621.iam.gserviceaccount.com",
            "id": "projects/numeric-virtue-320621/serviceAccounts/bucket-reader@numeric-virtue-320621.iam.gserviceaccount.com",
            "name": "projects/numeric-virtue-320621/serviceAccounts/bucket-reader@numeric-virtue-320621.iam.gserviceaccount.com",
            "project": "numeric-virtue-320621",
            "timeouts": null,
            "unique_id": "109183182501128893652"
          },
          "sensitive_attributes": [],
          "private": "eyJlMmJmYjczMC1lY2FhLTExZTYtOGY4OC0zNDM2M2JjN2M0YzAiOnsiY3JlYXRlIjozMDAwMDAwMDAwMDB9fQ=="
        }
      ]
    }
  ]
}
