{
  "version": 4,
  "terraform_version": "1.0.3",
  "serial": 25,
  "lineage": "206bd608-24d9-3acb-f78c-b88f78bde7e6",
  "outputs": {
    "network_name": {
      "value": "my-vpc-terraform-lab",
      "type": "string"
    },
    "subnet_name": {
      "value": "subnet1",
      "type": "string"
    }
  },
  "resources": [
    {
      "module": "module.gks",
      "mode": "managed",
      "type": "google_container_cluster",
      "name": "primary",
      "provider": "provider[\"registry.terraform.io/hashicorp/google\"]",
      "instances": [
        {
          "schema_version": 1,
          "attributes": {
            "addons_config": [
              {
                "cloudrun_config": [],
                "horizontal_pod_autoscaling": [],
                "http_load_balancing": [],
                "network_policy_config": [
                  {
                    "disabled": true
                  }
                ]
              }
            ],
            "authenticator_groups_config": [],
            "cluster_autoscaling": [
              {
                "auto_provisioning_defaults": [],
                "enabled": false,
                "resource_limits": []
              }
            ],
            "cluster_ipv4_cidr": "192.168.0.0/16",
            "database_encryption": [
              {
                "key_name": "",
                "state": "DECRYPTED"
              }
            ],
            "datapath_provider": "",
            "default_max_pods_per_node": 110,
            "default_snat_status": [
              {
                "disabled": false
              }
            ],
            "description": "",
            "enable_autopilot": false,
            "enable_binary_authorization": false,
            "enable_intranode_visibility": false,
            "enable_kubernetes_alpha": false,
            "enable_legacy_abac": false,
            "enable_shielded_nodes": false,
            "enable_tpu": false,
            "endpoint": "10.0.2.2",
            "id": "projects/numeric-virtue-320621/locations/us-central1-c/clusters/terraform-lab",
            "initial_node_count": 1,
            "instance_group_urls": [],
            "ip_allocation_policy": [
              {
                "cluster_ipv4_cidr_block": "192.168.0.0/16",
                "cluster_secondary_range_name": "gke-terraform-lab-pods-1c021d9c",
                "services_ipv4_cidr_block": "10.140.32.0/20",
                "services_secondary_range_name": "gke-terraform-lab-services-1c021d9c"
              }
            ],
            "label_fingerprint": "a9dc16a7",
            "location": "us-central1-c",
            "logging_service": "logging.googleapis.com/kubernetes",
            "maintenance_policy": [],
            "master_auth": [
              {
                "client_certificate": "",
                "client_certificate_config": [
                  {
                    "issue_client_certificate": false
                  }
                ],
                "client_key": "",
                "cluster_ca_certificate": "LS0tLS1CRUdJTiBDRVJUSUZJQ0FURS0tLS0tCk1JSURLekNDQWhPZ0F3SUJBZ0lSQVBhZzJmTjhwdjVzNWdJNCtYb0ZyVzh3RFFZSktvWklodmNOQVFFTEJRQXcKTHpFdE1Dc0dBMVVFQXhNa1pHUXdOR1poWm1JdE1tUm1NeTAwWW1OaUxXSTNOVEV0TkRFd09HTTFaRFV3TVRrMQpNQjRYRFRJeE1EY3lPREF5TURZME1Wb1hEVEkyTURjeU56QXpNRFkwTVZvd0x6RXRNQ3NHQTFVRUF4TWtaR1F3Ck5HWmhabUl0TW1SbU15MDBZbU5pTFdJM05URXROREV3T0dNMVpEVXdNVGsxTUlJQklqQU5CZ2txaGtpRzl3MEIKQVFFRkFBT0NBUThBTUlJQkNnS0NBUUVBcjNvUVRYOWFZSVlKZmRsOWR6cmhjTUxDbFdpMlhEQTVTR2RXek8rMwptYVNhb2gxK2QvTUxIeEFSVThDTjhDd1ltT0xhdE5TTkhaSG5YMnpOWkowbGl2K2plQjBNaFNkZ04wa0tiSlpQCjJwU0h0ZVFXTDlYL3Mvc3hCV0dRYy9BZXNuQWgzUFJZT28xRGI1bnJ5ajZsTVpoQ1lXczExck1QM2RvWTZxQ1IKOHJHeEFUMitNbkVPUzZHV0VGTEQ1cFBZOFVzM3U3U1M2SVpKRG9WZzBkZlF2UjFBMFltRHUwUHdHd0RYSXlaNAoyZUUrY1ZERDNHNU90aUZydXhiNld3M1NUVHczUnJLVW1Eb0R6QXE1VDNMaGxFdHd2N3hXZmc3MFQxK2tIOFY1CjRiQUlYWXJBVmF5c0g0ZDVRdFJ3V1VVSDNMOUc4dithOERFRW5KUndmbmoxM1FJREFRQUJvMEl3UURBT0JnTlYKSFE4QkFmOEVCQU1DQWdRd0R3WURWUjBUQVFIL0JBVXdBd0VCL3pBZEJnTlZIUTRFRmdRVTAyUFQ4cDVQMm1Ibgp3ZnN5cWdzU3BzU3Q0VEl3RFFZSktvWklodmNOQVFFTEJRQURnZ0VCQUFsRmt1aEJxSGhUSzRHVFd0dUs4b3dvCkRuU21PNk8rUHdzWHNUdUpzS1lQUzk2OUExOXdTenhrREdzZGw5VUtINkVFQzY0enVjaU94TXVoMXpKS0hwUksKV3pDaVpkVnd5RHRIVkVaTjZyb1R1L0tsbHJkVXVRZGJnUWNaaTZUY3RHMjVYZ2VEZDg5Qk8xU3RVbEE1MXNqagovblpFNWYrS0ZsWk84QzhaUldJY09oWjdQb1RsY2JWK2EwTVFxSmpaYU9SR0VqTzNzR2wyTTIvZEQrK09qVXZKCkxValNmMlVaWkZhVU9ENmg0Wko5YStIdlk0TElKbWxNdWdNSC9EOGZraEFJK2ZJRUMzNkZPTjZleEdiRFdtSzkKMnZ0S2JobGtobnNncVRCYVZJYW1zclloQWpGMWJrZzFzdld3bzhNYXJhQlpxSlkwNlFYVkJ6eUtXbHhaS2MwPQotLS0tLUVORCBDRVJUSUZJQ0FURS0tLS0tCg==",
                "password": "",
                "username": ""
              }
            ],
            "master_authorized_networks_config": [
              {
                "cidr_blocks": [
                  {
                    "cidr_block": "10.0.1.0/24",
                    "display_name": ""
                  }
                ]
              }
            ],
            "master_version": "1.19.9-gke.1900",
            "min_master_version": null,
            "monitoring_service": "monitoring.googleapis.com/kubernetes",
            "name": "terraform-lab",
            "network": "projects/numeric-virtue-320621/global/networks/my-vpc-terraform-lab",
            "network_policy": [
              {
                "enabled": false,
                "provider": "PROVIDER_UNSPECIFIED"
              }
            ],
            "networking_mode": "VPC_NATIVE",
            "node_config": [],
            "node_locations": [
              "us-central1-f"
            ],
            "node_pool": [],
            "node_version": "1.19.9-gke.1900",
            "operation": null,
            "pod_security_policy_config": [],
            "private_cluster_config": [
              {
                "enable_private_endpoint": true,
                "enable_private_nodes": true,
                "master_global_access_config": [
                  {
                    "enabled": false
                  }
                ],
                "master_ipv4_cidr_block": "10.0.2.0/28",
                "peering_name": "gke-ndd2519c2224c541ec0a-ad63-8026-peer",
                "private_endpoint": "10.0.2.2",
                "public_endpoint": "35.232.147.86"
              }
            ],
            "private_ipv6_google_access": "",
            "project": "numeric-virtue-320621",
            "release_channel": [
              {
                "channel": "REGULAR"
              }
            ],
            "remove_default_node_pool": true,
            "resource_labels": {},
            "resource_usage_export_config": [],
            "self_link": "https://container.googleapis.com/v1beta1/projects/numeric-virtue-320621/zones/us-central1-c/clusters/terraform-lab",
            "services_ipv4_cidr": "10.140.32.0/20",
            "subnetwork": "projects/numeric-virtue-320621/regions/us-central1/subnetworks/subnet1",
            "timeouts": null,
            "tpu_ipv4_cidr_block": "",
            "vertical_pod_autoscaling": [],
            "workload_identity_config": []
          },
          "sensitive_attributes": [],
          "private": "eyJlMmJmYjczMC1lY2FhLTExZTYtOGY4OC0zNDM2M2JjN2M0YzAiOnsiY3JlYXRlIjoyNDAwMDAwMDAwMDAwLCJkZWxldGUiOjI0MDAwMDAwMDAwMDAsInJlYWQiOjI0MDAwMDAwMDAwMDAsInVwZGF0ZSI6MzYwMDAwMDAwMDAwMH0sInNjaGVtYV92ZXJzaW9uIjoiMSJ9",
          "dependencies": [
            "module.network.google_compute_network.network",
            "module.network.google_compute_subnetwork.subnet"
          ]
        }
      ]
    },
    {
      "module": "module.gks",
      "mode": "managed",
      "type": "google_container_node_pool",
      "name": "nodepool",
      "provider": "provider[\"registry.terraform.io/hashicorp/google\"]",
      "instances": [
        {
          "status": "tainted",
          "schema_version": 1,
          "attributes": {
            "autoscaling": [],
            "cluster": "projects/numeric-virtue-320621/locations/us-central1-c/clusters/terraform-lab",
            "id": "projects/numeric-virtue-320621/locations/us-central1-c/clusters/terraform-lab/nodePools/pool1",
            "initial_node_count": null,
            "instance_group_urls": null,
            "location": "us-central1",
            "management": null,
            "max_pods_per_node": null,
            "name": "pool1",
            "name_prefix": null,
            "node_config": [
              {
                "disk_size_gb": 100,
                "disk_type": "pd-standard",
                "guest_accelerator": [],
                "image_type": "COS_CONTAINERD",
                "labels": {},
                "local_ssd_count": 0,
                "machine_type": "e2-standard-2",
                "metadata": {},
                "min_cpu_platform": "",
                "oauth_scopes": [
                  "https://www.googleapis.com/auth/cloud-platform"
                ],
                "preemptible": false,
                "service_account": "container-registry-for-gks",
                "shielded_instance_config": [],
                "tags": null,
                "taint": [],
                "workload_metadata_config": []
              }
            ],
            "node_count": 2,
            "node_locations": [],
            "operation": null,
            "project": null,
            "timeouts": null,
            "upgrade_settings": null,
            "version": null
          },
          "sensitive_attributes": [],
          "private": "eyJlMmJmYjczMC1lY2FhLTExZTYtOGY4OC0zNDM2M2JjN2M0YzAiOnsiY3JlYXRlIjoxODAwMDAwMDAwMDAwLCJkZWxldGUiOjE4MDAwMDAwMDAwMDAsInVwZGF0ZSI6MTgwMDAwMDAwMDAwMH0sInNjaGVtYV92ZXJzaW9uIjoiMSJ9",
          "dependencies": [
            "module.gks.google_container_cluster.primary",
            "module.gks.google_service_account.con-reg"
          ]
        }
      ]
    },
    {
      "module": "module.gks",
      "mode": "managed",
      "type": "google_project_iam_binding",
      "name": "storage-object-viewer",
      "provider": "provider[\"registry.terraform.io/hashicorp/google\"]",
      "instances": [
        {
          "schema_version": 0,
          "attributes": {
            "condition": [],
            "etag": "BwXIHDuv40Y=",
            "id": "numeric-virtue-320621/roles/storage.objectViewer",
            "members": [
              "serviceAccount:container-registry-for-gks@numeric-virtue-320621.iam.gserviceaccount.com"
            ],
            "project": "numeric-virtue-320621",
            "role": "roles/storage.objectViewer"
          },
          "sensitive_attributes": [],
          "private": "bnVsbA==",
          "dependencies": [
            "module.gks.google_service_account.con-reg"
          ]
        }
      ]
    },
    {
      "module": "module.gks",
      "mode": "managed",
      "type": "google_service_account",
      "name": "con-reg",
      "provider": "provider[\"registry.terraform.io/hashicorp/google\"]",
      "instances": [
        {
          "schema_version": 0,
          "attributes": {
            "account_id": "container-registry-for-gks",
            "description": "",
            "display_name": "container-registry-gks",
            "email": "container-registry-for-gks@numeric-virtue-320621.iam.gserviceaccount.com",
            "id": "projects/numeric-virtue-320621/serviceAccounts/container-registry-for-gks@numeric-virtue-320621.iam.gserviceaccount.com",
            "name": "projects/numeric-virtue-320621/serviceAccounts/container-registry-for-gks@numeric-virtue-320621.iam.gserviceaccount.com",
            "project": "numeric-virtue-320621",
            "timeouts": null,
            "unique_id": "117744033263978249238"
          },
          "sensitive_attributes": [],
          "private": "eyJlMmJmYjczMC1lY2FhLTExZTYtOGY4OC0zNDM2M2JjN2M0YzAiOnsiY3JlYXRlIjozMDAwMDAwMDAwMDB9fQ=="
        }
      ]
    },
    {
      "module": "module.network",
      "mode": "managed",
      "type": "google_compute_firewall",
      "name": "firewall",
      "provider": "provider[\"registry.terraform.io/hashicorp/google\"]",
      "instances": [
        {
          "schema_version": 1,
          "attributes": {
            "allow": [
              {
                "ports": [
                  "22",
                  "80",
                  "8080"
                ],
                "protocol": "tcp"
              }
            ],
            "creation_timestamp": "2021-07-25T17:43:26.167-07:00",
            "deny": [],
            "description": "",
            "destination_ranges": [],
            "direction": "INGRESS",
            "disabled": false,
            "enable_logging": null,
            "id": "projects/numeric-virtue-320621/global/firewalls/terrafrom-firewall",
            "log_config": [],
            "name": "terrafrom-firewall",
            "network": "https://www.googleapis.com/compute/v1/projects/numeric-virtue-320621/global/networks/my-vpc-terraform-lab",
            "priority": 1000,
            "project": "numeric-virtue-320621",
            "self_link": "https://www.googleapis.com/compute/v1/projects/numeric-virtue-320621/global/firewalls/terrafrom-firewall",
            "source_ranges": [
              "0.0.0.0/0"
            ],
            "source_service_accounts": [],
            "source_tags": [],
            "target_service_accounts": [],
            "target_tags": [],
            "timeouts": null
          },
          "sensitive_attributes": [],
          "private": "eyJlMmJmYjczMC1lY2FhLTExZTYtOGY4OC0zNDM2M2JjN2M0YzAiOnsiY3JlYXRlIjoyNDAwMDAwMDAwMDAsImRlbGV0ZSI6MjQwMDAwMDAwMDAwLCJ1cGRhdGUiOjI0MDAwMDAwMDAwMH0sInNjaGVtYV92ZXJzaW9uIjoiMSJ9",
          "dependencies": [
            "module.network.google_compute_network.network"
          ]
        }
      ]
    },
    {
      "module": "module.network",
      "mode": "managed",
      "type": "google_compute_network",
      "name": "network",
      "provider": "provider[\"registry.terraform.io/hashicorp/google\"]",
      "instances": [
        {
          "schema_version": 0,
          "attributes": {
            "auto_create_subnetworks": false,
            "delete_default_routes_on_create": false,
            "description": "",
            "gateway_ipv4": "",
            "id": "projects/numeric-virtue-320621/global/networks/my-vpc-terraform-lab",
            "mtu": 0,
            "name": "my-vpc-terraform-lab",
            "project": "numeric-virtue-320621",
            "routing_mode": "REGIONAL",
            "self_link": "https://www.googleapis.com/compute/v1/projects/numeric-virtue-320621/global/networks/my-vpc-terraform-lab",
            "timeouts": null
          },
          "sensitive_attributes": [],
          "private": "eyJlMmJmYjczMC1lY2FhLTExZTYtOGY4OC0zNDM2M2JjN2M0YzAiOnsiY3JlYXRlIjoyNDAwMDAwMDAwMDAsImRlbGV0ZSI6MjQwMDAwMDAwMDAwLCJ1cGRhdGUiOjI0MDAwMDAwMDAwMH19"
        }
      ]
    },
    {
      "module": "module.network",
      "mode": "managed",
      "type": "google_compute_subnetwork",
      "name": "subnet",
      "provider": "provider[\"registry.terraform.io/hashicorp/google\"]",
      "instances": [
        {
          "schema_version": 0,
          "attributes": {
            "creation_timestamp": "2021-07-25T17:20:04.755-07:00",
            "description": "",
            "fingerprint": null,
            "gateway_address": "10.0.1.1",
            "id": "projects/numeric-virtue-320621/regions/us-central1/subnetworks/subnet1",
            "ip_cidr_range": "10.0.1.0/24",
            "log_config": [],
            "name": "subnet1",
            "network": "https://www.googleapis.com/compute/v1/projects/numeric-virtue-320621/global/networks/my-vpc-terraform-lab",
            "private_ip_google_access": true,
            "private_ipv6_google_access": "DISABLE_GOOGLE_ACCESS",
            "project": "numeric-virtue-320621",
            "region": "us-central1",
            "secondary_ip_range": [
              {
                "ip_cidr_range": "192.168.0.0/16",
                "range_name": "gke-terraform-lab-pods-1c021d9c"
              },
              {
                "ip_cidr_range": "10.140.32.0/20",
                "range_name": "gke-terraform-lab-services-1c021d9c"
              }
            ],
            "self_link": "https://www.googleapis.com/compute/v1/projects/numeric-virtue-320621/regions/us-central1/subnetworks/subnet1",
            "timeouts": null
          },
          "sensitive_attributes": [],
          "private": "eyJlMmJmYjczMC1lY2FhLTExZTYtOGY4OC0zNDM2M2JjN2M0YzAiOnsiY3JlYXRlIjozNjAwMDAwMDAwMDAsImRlbGV0ZSI6MzYwMDAwMDAwMDAwLCJ1cGRhdGUiOjM2MDAwMDAwMDAwMH19",
          "dependencies": [
            "module.network.google_compute_network.network"
          ]
        }
      ]
    }
  ]
}
