{
  "version": 4,
  "terraform_version": "1.0.3",
  "serial": 98,
  "lineage": "206bd608-24d9-3acb-f78c-b88f78bde7e6",
  "outputs": {
    "network_name": {
      "value": "my-vpc-terraform-lab",
      "type": "string"
    },
    "subnet_name": {
      "value": "subnet1",
      "type": "string"
    }
  },
  "resources": [
    {
      "module": "module.gks",
      "mode": "managed",
      "type": "google_container_cluster",
      "name": "primary",
      "provider": "provider[\"registry.terraform.io/hashicorp/google\"]",
      "instances": [
        {
          "schema_version": 1,
          "attributes": {
            "addons_config": [
              {
                "cloudrun_config": [],
                "horizontal_pod_autoscaling": [],
                "http_load_balancing": [],
                "network_policy_config": [
                  {
                    "disabled": true
                  }
                ]
              }
            ],
            "authenticator_groups_config": [],
            "cluster_autoscaling": [
              {
                "auto_provisioning_defaults": [],
                "enabled": false,
                "resource_limits": []
              }
            ],
            "cluster_ipv4_cidr": "192.168.0.0/16",
            "database_encryption": [
              {
                "key_name": "",
                "state": "DECRYPTED"
              }
            ],
            "datapath_provider": "",
            "default_max_pods_per_node": 110,
            "default_snat_status": [
              {
                "disabled": false
              }
            ],
            "description": "",
            "enable_autopilot": false,
            "enable_binary_authorization": false,
            "enable_intranode_visibility": false,
            "enable_kubernetes_alpha": false,
            "enable_legacy_abac": false,
            "enable_shielded_nodes": false,
            "enable_tpu": false,
            "endpoint": "10.0.2.2",
            "id": "projects/numeric-virtue-320621/locations/us-central1-c/clusters/terraform-lab",
            "initial_node_count": 1,
            "instance_group_urls": [
              "https://www.googleapis.com/compute/v1/projects/numeric-virtue-320621/zones/us-central1-c/instanceGroups/gke-terraform-lab-pool1-46476d76-grp",
              "https://www.googleapis.com/compute/v1/projects/numeric-virtue-320621/zones/us-central1-f/instanceGroups/gke-terraform-lab-pool1-74ef2dac-grp"
            ],
            "ip_allocation_policy": [
              {
                "cluster_ipv4_cidr_block": "192.168.0.0/16",
                "cluster_secondary_range_name": "gke-terraform-lab-pods-af23d77a",
                "services_ipv4_cidr_block": "10.140.32.0/20",
                "services_secondary_range_name": "gke-terraform-lab-services-af23d77a"
              }
            ],
            "label_fingerprint": "a9dc16a7",
            "location": "us-central1-c",
            "logging_service": "logging.googleapis.com/kubernetes",
            "maintenance_policy": [],
            "master_auth": [
              {
                "client_certificate": "",
                "client_certificate_config": [
                  {
                    "issue_client_certificate": false
                  }
                ],
                "client_key": "",
                "cluster_ca_certificate": "LS0tLS1CRUdJTiBDRVJUSUZJQ0FURS0tLS0tCk1JSUVMRENDQXBTZ0F3SUJBZ0lRR1BjRWxZaDR6aDBhekVDa0JrYjhLREFOQmdrcWhraUc5dzBCQVFzRkFEQXYKTVMwd0t3WURWUVFERXlRelpUQTJPV1ZqTWkxalpXUmlMVFF5T0RndFltTXhOUzFrWm1JNFpUazVObVprT1dZdwpJQmNOTWpFd056STRNVGswTXpNM1doZ1BNakExTVRBM01qRXlNRFF6TXpkYU1DOHhMVEFyQmdOVkJBTVRKRE5sCk1EWTVaV015TFdObFpHSXROREk0T0MxaVl6RTFMV1JtWWpobE9UazJabVE1WmpDQ0FhSXdEUVlKS29aSWh2Y04KQVFFQkJRQURnZ0dQQURDQ0FZb0NnZ0dCQUpsdnJIZTdTZWdoc2x1ckxYNVNsK1dLeFFudDhFUWFrTDdRWUk4Kwo0WFdPTWZqeGRBVDZtb1FZQlg0UFpzWnZZTUlpV1VBa0FvRWxWYko1T3JxWFIvQkVheklzVjdIZmRBYVBrYkpnCnNKKzUyWVFtcmdveGlZaVVvUHBjVDlVd1FHSEdZMVhQekUyRnJUSk5OQU1TSnJMaU1HTzZsbnZ5RDhzb1RuZDMKU0xQOXdLKzNJOWwwUTNndEU5VXlucDhJbjVCTTRPeTRFZHBqVWVucWZoREdaNitmMEJ5QjhDaThnMnhMektLQQp0VzBMSCt6V2VvbSs2V1hsRFltc0ZOdi9JNjFSRGVQeWVGdHB6VnJCQ0oxN2xuc29yTTE0TU9SbTBncVAwZGNLCkk0allBa2p2ajQyRFk1eTZOU3ZiVFp3V3NteXY1Y2RlRDBESGJNRVRQRjZrdnBGa21CS1JqR3o1OWQyQ2RBM08KTWJsYmFtR1JPOWVhVzJ6dHNEMUVPRFpXN3E2akc5MU9Wc3l3dldOZ2h5UU51d1llTXFrdHdCaGticjdqS29QdQpyVk1xU1V3THBGL0NkZXJFMGcwdmltRE92TlI1NVpyWDYzZ2F1MFRla09ETXFWZ0lIYk9HSzQyK2pndmRqVGQ1CmoxTC9yNHpFbWs2c2NSVzNFdWdGQzdlSXN3SURBUUFCbzBJd1FEQU9CZ05WSFE4QkFmOEVCQU1DQWdRd0R3WUQKVlIwVEFRSC9CQVV3QXdFQi96QWRCZ05WSFE0RUZnUVVMMVVyc0RsTXk4aTBYNFFscXZsQ3AxRzlwcW93RFFZSgpLb1pJaHZjTkFRRUxCUUFEZ2dHQkFIbllYT2tSbnk0a0FZbXZ5bGkvRW0waTRpUzFPSGF0Z2NTZmlqUVZGaGhoCmV2MVZJMklIT2lWQTI5WU1LYys5S3JDVDBwTklIZTI4WWxxbXBXdHF2WUU2YkNzZExrL2doSXU5SWFMdDkxV00KcE9hU3A5UTlBYkFDdXoxNTJ5bjNXYTE4c1NwMlJCTW84ZTVaT0g3aUpvYUZjbXNJNDBTVmxwbURobEQwakxnRgpFQ05VQUFxbFl1SlQramkwZzlxMmxZZGtmSUQ0emFiN1E1czZOKzRpeVM5cVg5UVlveVhKa0orV0JvOG9HMEZWCjBoeVBvcmFVb2htQk5qVUpXN1gzdDFGS2RoU3prSDZEa1A2ZjBHUkRCU2cxaVNvbHRjSzZZRHNNb0c3Yis1aGYKbDJYZ25QT3hxcTJCZjgxcnBDdTliVm5IYXluV0ZOZTRQaTF1ejV6eStiTitBc1JGNklTRkpkVEFnYU5PMkdmSAp1Q0xzT0g1ZEcycHdLYkhoUkFPaDMyRXQra3orT3JZWm94eWFTRm5HQ1FtTmhhcWorMnNjTEpJNE4xVmpHcVlOClV4Y0tiSEdYU2E1c25lcjhZMGFzQnVHZjdHYkRWOG9JUXRrYk9rU2djOE1vUU9sYUR5RWJITjFGNmhrVGpuc00KMlZUNXV1VitZZ3diM3F5RlYvM2o3dz09Ci0tLS0tRU5EIENFUlRJRklDQVRFLS0tLS0K",
                "password": "",
                "username": ""
              }
            ],
            "master_authorized_networks_config": [
              {
                "cidr_blocks": [
                  {
                    "cidr_block": "10.0.1.0/24",
                    "display_name": ""
                  }
                ]
              }
            ],
            "master_version": "1.20.8-gke.900",
            "min_master_version": null,
            "monitoring_service": "monitoring.googleapis.com/kubernetes",
            "name": "terraform-lab",
            "network": "projects/numeric-virtue-320621/global/networks/my-vpc-terraform-lab",
            "network_policy": [
              {
                "enabled": false,
                "provider": "PROVIDER_UNSPECIFIED"
              }
            ],
            "networking_mode": "VPC_NATIVE",
            "node_config": [
              {
                "disk_size_gb": 100,
                "disk_type": "pd-standard",
                "guest_accelerator": [],
                "image_type": "COS_CONTAINERD",
                "labels": {},
                "local_ssd_count": 0,
                "machine_type": "e2-standard-2",
                "metadata": {
                  "disable-legacy-endpoints": "true"
                },
                "min_cpu_platform": "",
                "oauth_scopes": [
                  "https://www.googleapis.com/auth/cloud-platform"
                ],
                "preemptible": false,
                "service_account": "container-registry-for-gks@numeric-virtue-320621.iam.gserviceaccount.com",
                "shielded_instance_config": [
                  {
                    "enable_integrity_monitoring": true,
                    "enable_secure_boot": false
                  }
                ],
                "tags": [],
                "taint": [],
                "workload_metadata_config": []
              }
            ],
            "node_locations": [
              "us-central1-f"
            ],
            "node_pool": [
              {
                "autoscaling": [],
                "initial_node_count": 1,
                "instance_group_urls": [
                  "https://www.googleapis.com/compute/v1/projects/numeric-virtue-320621/zones/us-central1-c/instanceGroupManagers/gke-terraform-lab-pool1-46476d76-grp",
                  "https://www.googleapis.com/compute/v1/projects/numeric-virtue-320621/zones/us-central1-f/instanceGroupManagers/gke-terraform-lab-pool1-74ef2dac-grp"
                ],
                "management": [
                  {
                    "auto_repair": true,
                    "auto_upgrade": true
                  }
                ],
                "max_pods_per_node": 110,
                "name": "pool1",
                "name_prefix": "",
                "node_config": [
                  {
                    "disk_size_gb": 100,
                    "disk_type": "pd-standard",
                    "guest_accelerator": [],
                    "image_type": "COS_CONTAINERD",
                    "labels": {},
                    "local_ssd_count": 0,
                    "machine_type": "e2-standard-2",
                    "metadata": {
                      "disable-legacy-endpoints": "true"
                    },
                    "min_cpu_platform": "",
                    "oauth_scopes": [
                      "https://www.googleapis.com/auth/cloud-platform"
                    ],
                    "preemptible": false,
                    "service_account": "container-registry-for-gks@numeric-virtue-320621.iam.gserviceaccount.com",
                    "shielded_instance_config": [
                      {
                        "enable_integrity_monitoring": true,
                        "enable_secure_boot": false
                      }
                    ],
                    "tags": [],
                    "taint": [],
                    "workload_metadata_config": []
                  }
                ],
                "node_count": 1,
                "node_locations": [
                  "us-central1-c",
                  "us-central1-f"
                ],
                "upgrade_settings": [
                  {
                    "max_surge": 1,
                    "max_unavailable": 0
                  }
                ],
                "version": "1.20.8-gke.900"
              }
            ],
            "node_version": "1.20.8-gke.900",
            "operation": null,
            "pod_security_policy_config": [],
            "private_cluster_config": [
              {
                "enable_private_endpoint": true,
                "enable_private_nodes": true,
                "master_global_access_config": [
                  {
                    "enabled": false
                  }
                ],
                "master_ipv4_cidr_block": "10.0.2.0/28",
                "peering_name": "gke-ndd2519c2224c541ec0a-2a4d-367b-peer",
                "private_endpoint": "10.0.2.2",
                "public_endpoint": "35.193.24.102"
              }
            ],
            "private_ipv6_google_access": "",
            "project": "numeric-virtue-320621",
            "release_channel": [
              {
                "channel": "REGULAR"
              }
            ],
            "remove_default_node_pool": true,
            "resource_labels": {},
            "resource_usage_export_config": [],
            "self_link": "https://container.googleapis.com/v1beta1/projects/numeric-virtue-320621/zones/us-central1-c/clusters/terraform-lab",
            "services_ipv4_cidr": "10.140.32.0/20",
            "subnetwork": "projects/numeric-virtue-320621/regions/us-central1/subnetworks/subnet1",
            "timeouts": null,
            "tpu_ipv4_cidr_block": "",
            "vertical_pod_autoscaling": [],
            "workload_identity_config": []
          },
          "sensitive_attributes": [],
          "private": "eyJlMmJmYjczMC1lY2FhLTExZTYtOGY4OC0zNDM2M2JjN2M0YzAiOnsiY3JlYXRlIjoyNDAwMDAwMDAwMDAwLCJkZWxldGUiOjI0MDAwMDAwMDAwMDAsInJlYWQiOjI0MDAwMDAwMDAwMDAsInVwZGF0ZSI6MzYwMDAwMDAwMDAwMH0sInNjaGVtYV92ZXJzaW9uIjoiMSJ9",
          "dependencies": [
            "module.network.google_compute_network.network",
            "module.network.google_compute_subnetwork.subnet"
          ]
        }
      ]
    },
    {
      "module": "module.gks",
      "mode": "managed",
      "type": "google_container_node_pool",
      "name": "nodepool",
      "provider": "provider[\"registry.terraform.io/hashicorp/google\"]",
      "instances": [
        {
          "schema_version": 1,
          "attributes": {
            "autoscaling": [],
            "cluster": "projects/numeric-virtue-320621/locations/us-central1-c/clusters/terraform-lab",
            "id": "projects/numeric-virtue-320621/locations/us-central1-c/clusters/terraform-lab/nodePools/pool1",
            "initial_node_count": 1,
            "instance_group_urls": [
              "https://www.googleapis.com/compute/v1/projects/numeric-virtue-320621/zones/us-central1-c/instanceGroupManagers/gke-terraform-lab-pool1-c758de3a-grp",
              "https://www.googleapis.com/compute/v1/projects/numeric-virtue-320621/zones/us-central1-f/instanceGroupManagers/gke-terraform-lab-pool1-5b6153eb-grp"
            ],
            "location": "us-central1-c",
            "management": [
              {
                "auto_repair": true,
                "auto_upgrade": true
              }
            ],
            "max_pods_per_node": 110,
            "name": "pool1",
            "name_prefix": "",
            "node_config": [
              {
                "disk_size_gb": 100,
                "disk_type": "pd-standard",
                "guest_accelerator": [],
                "image_type": "COS_CONTAINERD",
                "labels": {},
                "local_ssd_count": 0,
                "machine_type": "e2-standard-2",
                "metadata": {
                  "disable-legacy-endpoints": "true"
                },
                "min_cpu_platform": "",
                "oauth_scopes": [
                  "https://www.googleapis.com/auth/cloud-platform"
                ],
                "preemptible": false,
                "service_account": "container-registry-for-gks@numeric-virtue-320621.iam.gserviceaccount.com",
                "shielded_instance_config": [
                  {
                    "enable_integrity_monitoring": true,
                    "enable_secure_boot": false
                  }
                ],
                "tags": null,
                "taint": [],
                "workload_metadata_config": []
              }
            ],
            "node_count": 1,
            "node_locations": [
              "us-central1-c",
              "us-central1-f"
            ],
            "operation": null,
            "project": "numeric-virtue-320621",
            "timeouts": null,
            "upgrade_settings": [
              {
                "max_surge": 1,
                "max_unavailable": 0
              }
            ],
            "version": "1.20.8-gke.900"
          },
          "sensitive_attributes": [],
          "private": "eyJlMmJmYjczMC1lY2FhLTExZTYtOGY4OC0zNDM2M2JjN2M0YzAiOnsiY3JlYXRlIjoxODAwMDAwMDAwMDAwLCJkZWxldGUiOjE4MDAwMDAwMDAwMDAsInVwZGF0ZSI6MTgwMDAwMDAwMDAwMH0sInNjaGVtYV92ZXJzaW9uIjoiMSJ9",
          "dependencies": [
            "module.gks.google_container_cluster.primary",
            "module.gks.google_service_account.con-reg"
          ]
        }
      ]
    },
    {
      "module": "module.gks",
      "mode": "managed",
      "type": "google_project_iam_binding",
      "name": "storage-object-viewer",
      "provider": "provider[\"registry.terraform.io/hashicorp/google\"]",
      "instances": [
        {
          "schema_version": 0,
          "attributes": {
            "condition": [],
            "etag": "BwXIN4xLk4s=",
            "id": "numeric-virtue-320621/roles/storage.objectViewer",
            "members": [
              "serviceAccount:container-registry-for-gks@numeric-virtue-320621.iam.gserviceaccount.com"
            ],
            "project": "numeric-virtue-320621",
            "role": "roles/storage.objectViewer"
          },
          "sensitive_attributes": [],
          "private": "bnVsbA==",
          "dependencies": [
            "module.gks.google_service_account.con-reg"
          ]
        }
      ]
    },
    {
      "module": "module.gks",
      "mode": "managed",
      "type": "google_service_account",
      "name": "con-reg",
      "provider": "provider[\"registry.terraform.io/hashicorp/google\"]",
      "instances": [
        {
          "schema_version": 0,
          "attributes": {
            "account_id": "container-registry-for-gks",
            "description": "",
            "display_name": "container-registry-gks",
            "email": "container-registry-for-gks@numeric-virtue-320621.iam.gserviceaccount.com",
            "id": "projects/numeric-virtue-320621/serviceAccounts/container-registry-for-gks@numeric-virtue-320621.iam.gserviceaccount.com",
            "name": "projects/numeric-virtue-320621/serviceAccounts/container-registry-for-gks@numeric-virtue-320621.iam.gserviceaccount.com",
            "project": "numeric-virtue-320621",
            "timeouts": null,
            "unique_id": "100843498327581915229"
          },
          "sensitive_attributes": [],
          "private": "eyJlMmJmYjczMC1lY2FhLTExZTYtOGY4OC0zNDM2M2JjN2M0YzAiOnsiY3JlYXRlIjozMDAwMDAwMDAwMDB9fQ=="
        }
      ]
    },
    {
      "module": "module.network",
      "mode": "managed",
      "type": "google_compute_firewall",
      "name": "firewall",
      "provider": "provider[\"registry.terraform.io/hashicorp/google\"]",
      "instances": [
        {
          "schema_version": 1,
          "attributes": {
            "allow": [
              {
                "ports": [
                  "22",
                  "80",
                  "8080"
                ],
                "protocol": "tcp"
              }
            ],
            "creation_timestamp": "2021-07-28T13:43:14.855-07:00",
            "deny": [],
            "description": "",
            "destination_ranges": [],
            "direction": "INGRESS",
            "disabled": false,
            "enable_logging": null,
            "id": "projects/numeric-virtue-320621/global/firewalls/terrafrom-firewall",
            "log_config": [],
            "name": "terrafrom-firewall",
            "network": "https://www.googleapis.com/compute/v1/projects/numeric-virtue-320621/global/networks/my-vpc-terraform-lab",
            "priority": 1000,
            "project": "numeric-virtue-320621",
            "self_link": "https://www.googleapis.com/compute/v1/projects/numeric-virtue-320621/global/firewalls/terrafrom-firewall",
            "source_ranges": [
              "0.0.0.0/0"
            ],
            "source_service_accounts": [],
            "source_tags": [],
            "target_service_accounts": [],
            "target_tags": [],
            "timeouts": null
          },
          "sensitive_attributes": [],
          "private": "eyJlMmJmYjczMC1lY2FhLTExZTYtOGY4OC0zNDM2M2JjN2M0YzAiOnsiY3JlYXRlIjoyNDAwMDAwMDAwMDAsImRlbGV0ZSI6MjQwMDAwMDAwMDAwLCJ1cGRhdGUiOjI0MDAwMDAwMDAwMH0sInNjaGVtYV92ZXJzaW9uIjoiMSJ9",
          "dependencies": [
            "module.network.google_compute_network.network"
          ]
        }
      ]
    },
    {
      "module": "module.network",
      "mode": "managed",
      "type": "google_compute_network",
      "name": "network",
      "provider": "provider[\"registry.terraform.io/hashicorp/google\"]",
      "instances": [
        {
          "schema_version": 0,
          "attributes": {
            "auto_create_subnetworks": false,
            "delete_default_routes_on_create": false,
            "description": "",
            "gateway_ipv4": "",
            "id": "projects/numeric-virtue-320621/global/networks/my-vpc-terraform-lab",
            "mtu": 0,
            "name": "my-vpc-terraform-lab",
            "project": "numeric-virtue-320621",
            "routing_mode": "REGIONAL",
            "self_link": "https://www.googleapis.com/compute/v1/projects/numeric-virtue-320621/global/networks/my-vpc-terraform-lab",
            "timeouts": null
          },
          "sensitive_attributes": [],
          "private": "eyJlMmJmYjczMC1lY2FhLTExZTYtOGY4OC0zNDM2M2JjN2M0YzAiOnsiY3JlYXRlIjoyNDAwMDAwMDAwMDAsImRlbGV0ZSI6MjQwMDAwMDAwMDAwLCJ1cGRhdGUiOjI0MDAwMDAwMDAwMH19"
        }
      ]
    },
    {
      "module": "module.network",
      "mode": "managed",
      "type": "google_compute_subnetwork",
      "name": "subnet",
      "provider": "provider[\"registry.terraform.io/hashicorp/google\"]",
      "instances": [
        {
          "schema_version": 0,
          "attributes": {
            "creation_timestamp": "2021-07-28T13:43:15.153-07:00",
            "description": "",
            "fingerprint": null,
            "gateway_address": "10.0.1.1",
            "id": "projects/numeric-virtue-320621/regions/us-central1/subnetworks/subnet1",
            "ip_cidr_range": "10.0.1.0/24",
            "log_config": [],
            "name": "subnet1",
            "network": "https://www.googleapis.com/compute/v1/projects/numeric-virtue-320621/global/networks/my-vpc-terraform-lab",
            "private_ip_google_access": true,
            "private_ipv6_google_access": "DISABLE_GOOGLE_ACCESS",
            "project": "numeric-virtue-320621",
            "region": "us-central1",
            "secondary_ip_range": [
              {
                "ip_cidr_range": "192.168.0.0/16",
                "range_name": "gke-terraform-lab-pods-af23d77a"
              },
              {
                "ip_cidr_range": "10.140.32.0/20",
                "range_name": "gke-terraform-lab-services-af23d77a"
              }
            ],
            "self_link": "https://www.googleapis.com/compute/v1/projects/numeric-virtue-320621/regions/us-central1/subnetworks/subnet1",
            "timeouts": null
          },
          "sensitive_attributes": [],
          "private": "eyJlMmJmYjczMC1lY2FhLTExZTYtOGY4OC0zNDM2M2JjN2M0YzAiOnsiY3JlYXRlIjozNjAwMDAwMDAwMDAsImRlbGV0ZSI6MzYwMDAwMDAwMDAwLCJ1cGRhdGUiOjM2MDAwMDAwMDAwMH19",
          "dependencies": [
            "module.network.google_compute_network.network"
          ]
        }
      ]
    },
    {
      "module": "module.vm",
      "mode": "managed",
      "type": "google_compute_instance",
      "name": "vm-test",
      "provider": "provider[\"registry.terraform.io/hashicorp/google\"]",
      "instances": [
        {
          "schema_version": 6,
          "attributes": {
            "advanced_machine_features": [],
            "allow_stopping_for_update": null,
            "attached_disk": [],
            "boot_disk": [
              {
                "auto_delete": true,
                "device_name": "persistent-disk-0",
                "disk_encryption_key_raw": "",
                "disk_encryption_key_sha256": "",
                "initialize_params": [
                  {
                    "image": "https://www.googleapis.com/compute/v1/projects/debian-cloud/global/images/debian-10-buster-v20210721",
                    "labels": {},
                    "size": 10,
                    "type": "pd-standard"
                  }
                ],
                "kms_key_self_link": "",
                "mode": "READ_WRITE",
                "source": "https://www.googleapis.com/compute/v1/projects/numeric-virtue-320621/zones/us-central1-c/disks/for-test"
              }
            ],
            "can_ip_forward": false,
            "confidential_instance_config": [],
            "cpu_platform": "Intel Haswell",
            "current_status": "RUNNING",
            "deletion_protection": false,
            "description": "",
            "desired_status": null,
            "enable_display": false,
            "guest_accelerator": [],
            "hostname": "",
            "id": "projects/numeric-virtue-320621/zones/us-central1-c/instances/for-test",
            "instance_id": "4670043030784081813",
            "label_fingerprint": "42WmSpB8rSM=",
            "labels": {},
            "machine_type": "e2-medium",
            "metadata": {},
            "metadata_fingerprint": "Ru3bHQdHzvc=",
            "metadata_startup_script": "",
            "min_cpu_platform": "",
            "name": "for-test",
            "network_interface": [
              {
                "access_config": [],
                "alias_ip_range": [],
                "name": "nic0",
                "network": "https://www.googleapis.com/compute/v1/projects/numeric-virtue-320621/global/networks/my-vpc-terraform-lab",
                "network_ip": "10.0.1.2",
                "nic_type": "",
                "subnetwork": "https://www.googleapis.com/compute/v1/projects/numeric-virtue-320621/regions/us-central1/subnetworks/subnet1",
                "subnetwork_project": "numeric-virtue-320621"
              }
            ],
            "project": "numeric-virtue-320621",
            "reservation_affinity": [],
            "resource_policies": [],
            "scheduling": [
              {
                "automatic_restart": true,
                "min_node_cpus": 0,
                "node_affinities": [],
                "on_host_maintenance": "MIGRATE",
                "preemptible": false
              }
            ],
            "scratch_disk": [],
            "self_link": "https://www.googleapis.com/compute/v1/projects/numeric-virtue-320621/zones/us-central1-c/instances/for-test",
            "service_account": [
              {
                "email": "bucket-reader@numeric-virtue-320621.iam.gserviceaccount.com",
                "scopes": [
                  "https://www.googleapis.com/auth/cloud-platform"
                ]
              }
            ],
            "shielded_instance_config": [
              {
                "enable_integrity_monitoring": true,
                "enable_secure_boot": false,
                "enable_vtpm": true
              }
            ],
            "tags": [],
            "tags_fingerprint": "42WmSpB8rSM=",
            "timeouts": null,
            "zone": "us-central1-c"
          },
          "sensitive_attributes": [],
          "private": "eyJlMmJmYjczMC1lY2FhLTExZTYtOGY4OC0zNDM2M2JjN2M0YzAiOnsiY3JlYXRlIjoxMjAwMDAwMDAwMDAwLCJkZWxldGUiOjEyMDAwMDAwMDAwMDAsInVwZGF0ZSI6MTIwMDAwMDAwMDAwMH0sInNjaGVtYV92ZXJzaW9uIjoiNiJ9",
          "dependencies": [
            "module.network.google_compute_subnetwork.subnet",
            "module.vm.google_service_account.vm-storage",
            "module.network.google_compute_network.network"
          ]
        }
      ]
    },
    {
      "module": "module.vm",
      "mode": "managed",
      "type": "google_project_iam_binding",
      "name": "bq-read-write",
      "provider": "provider[\"registry.terraform.io/hashicorp/google\"]",
      "instances": [
        {
          "schema_version": 0,
          "attributes": {
            "condition": [],
            "etag": "BwXINQgWarc=",
            "id": "numeric-virtue-320621/roles/bigquery.user",
            "members": [
              "serviceAccount:bucket-reader@numeric-virtue-320621.iam.gserviceaccount.com"
            ],
            "project": "numeric-virtue-320621",
            "role": "roles/bigquery.user"
          },
          "sensitive_attributes": [],
          "private": "bnVsbA==",
          "dependencies": [
            "module.vm.google_service_account.vm-storage"
          ]
        }
      ]
    },
    {
      "module": "module.vm",
      "mode": "managed",
      "type": "google_project_iam_binding",
      "name": "bucket-object-viewer",
      "provider": "provider[\"registry.terraform.io/hashicorp/google\"]",
      "instances": [
        {
          "schema_version": 0,
          "attributes": {
            "condition": [],
            "etag": "BwXINQgWarc=",
            "id": "numeric-virtue-320621/roles/storage.objectViewer",
            "members": [
              "serviceAccount:bucket-reader@numeric-virtue-320621.iam.gserviceaccount.com"
            ],
            "project": "numeric-virtue-320621",
            "role": "roles/storage.objectViewer"
          },
          "sensitive_attributes": [],
          "private": "bnVsbA==",
          "dependencies": [
            "module.vm.google_service_account.vm-storage"
          ]
        }
      ]
    },
    {
      "module": "module.vm",
      "mode": "managed",
      "type": "google_service_account",
      "name": "vm-storage",
      "provider": "provider[\"registry.terraform.io/hashicorp/google\"]",
      "instances": [
        {
          "schema_version": 0,
          "attributes": {
            "account_id": "bucket-reader",
            "description": "",
            "display_name": "bucket-reader-for-vm",
            "email": "bucket-reader@numeric-virtue-320621.iam.gserviceaccount.com",
            "id": "projects/numeric-virtue-320621/serviceAccounts/bucket-reader@numeric-virtue-320621.iam.gserviceaccount.com",
            "name": "projects/numeric-virtue-320621/serviceAccounts/bucket-reader@numeric-virtue-320621.iam.gserviceaccount.com",
            "project": "numeric-virtue-320621",
            "timeouts": null,
            "unique_id": "109183182501128893652"
          },
          "sensitive_attributes": [],
          "private": "eyJlMmJmYjczMC1lY2FhLTExZTYtOGY4OC0zNDM2M2JjN2M0YzAiOnsiY3JlYXRlIjozMDAwMDAwMDAwMDB9fQ=="
        }
      ]
    }
  ]
}
